
Microsoft Visual Studio Solution File, Format Version 12.00
# Visual Studio 15
VisualStudioVersion = 15.0.28010.2050
MinimumVisualStudioVersion = 10.0.40219.1
Project("{FAE04EC0-301F-11D3-BF4B-00C04F79EFBC}") = "Gerard.HostServer", "Gerard.HostServer.csproj", "{9601C58A-6682-4FF3-A3FE-79EF9A3FB0F3}"
EndProject
Project("{FAE04EC0-301F-11D3-BF4B-00C04F79EFBC}") = "Gerard.Messages", "..\GerardGui\Gerard.Messages\Gerard.Messages.csproj", "{EBB8FB67-0B66-4C48-804F-70F8D2193668}"
EndProject
Global
	GlobalSection(SolutionConfigurationPlatforms) = preSolution
		Debug|Any CPU = Debug|Any CPU
		Debug|x86 = Debug|x86
		Release|Any CPU = Release|Any CPU
		Release|x86 = Release|x86
	EndGlobalSection
	GlobalSection(ProjectConfigurationPlatforms) = postSolution
		{9601C58A-6682-4FF3-A3FE-79EF9A3FB0F3}.Debug|Any CPU.ActiveCfg = Debug|Any CPU
		{9601C58A-6682-4FF3-A3FE-79EF9A3FB0F3}.Debug|Any CPU.Build.0 = Debug|Any CPU
		{9601C58A-6682-4FF3-A3FE-79EF9A3FB0F3}.Debug|x86.ActiveCfg = Debug|Any CPU
		{9601C58A-6682-4FF3-A3FE-79EF9A3FB0F3}.Debug|x86.Build.0 = Debug|Any CPU
		{9601C58A-6682-4FF3-A3FE-79EF9A3FB0F3}.Release|Any CPU.ActiveCfg = Release|Any CPU
		{9601C58A-6682-4FF3-A3FE-79EF9A3FB0F3}.Release|Any CPU.Build.0 = Release|Any CPU
		{9601C58A-6682-4FF3-A3FE-79EF9A3FB0F3}.Release|x86.ActiveCfg = Release|Any CPU
		{9601C58A-6682-4FF3-A3FE-79EF9A3FB0F3}.Release|x86.Build.0 = Release|Any CPU
		{EBB8FB67-0B66-4C48-804F-70F8D2193668}.Debug|Any CPU.ActiveCfg = Debug|Any CPU
		{EBB8FB67-0B66-4C48-804F-70F8D2193668}.Debug|Any CPU.Build.0 = Debug|Any CPU
		{EBB8FB67-0B66-4C48-804F-70F8D2193668}.Debug|x86.ActiveCfg = Debug|Any CPU
		{EBB8FB67-0B66-4C48-804F-70F8D2193668}.Debug|x86.Build.0 = Debug|Any CPU
		{EBB8FB67-0B66-4C48-804F-70F8D2193668}.Release|Any CPU.ActiveCfg = Release|Any CPU
		{EBB8FB67-0B66-4C48-804F-70F8D2193668}.Release|Any CPU.Build.0 = Release|Any CPU
		{EBB8FB67-0B66-4C48-804F-70F8D2193668}.Release|x86.ActiveCfg = Release|Any CPU
		{EBB8FB67-0B66-4C48-804F-70F8D2193668}.Release|x86.Build.0 = Release|Any CPU
	EndGlobalSection
	GlobalSection(SolutionProperties) = preSolution
		HideSolutionNode = FALSE
	EndGlobalSection
	GlobalSection(ExtensibilityGlobals) = postSolution
		SolutionGuid = {4038B53A-BA62-4AB5-AF3C-40F55A614C8E}
	EndGlobalSection
EndGlobal
