
Microsoft Visual Studio Solution File, Format Version 12.00
# Visual Studio 2013
VisualStudioVersion = 12.0.21005.1
MinimumVisualStudioVersion = 10.0.40219.1
Project("{FAE04EC0-301F-11D3-BF4B-00C04F79EFBC}") = "BusStop.API", "BusStop.API\BusStop.API.csproj", "{03B0A6FA-BC4A-4772-9273-8C8294EBF67A}"
EndProject
Project("{FAE04EC0-301F-11D3-BF4B-00C04F79EFBC}") = "BusStop.API.Tests", "..\..\Visual Studio 2013\Projects\BusStop.API\BusStop.API.Tests\BusStop.API.Tests.csproj", "{CCD50774-1053-40D0-ABC6-D64688174D3D}"
EndProject
Project("{FAE04EC0-301F-11D3-BF4B-00C04F79EFBC}") = "BusStop.Contracts", "..\BusStop.Contracts\BusStop.Contracts.csproj", "{02AADB13-18C3-4FD4-B891-42DE96775063}"
EndProject
Global
	GlobalSection(SolutionConfigurationPlatforms) = preSolution
		Debug|Any CPU = Debug|Any CPU
		Release|Any CPU = Release|Any CPU
	EndGlobalSection
	GlobalSection(ProjectConfigurationPlatforms) = postSolution
		{03B0A6FA-BC4A-4772-9273-8C8294EBF67A}.Debug|Any CPU.ActiveCfg = Debug|Any CPU
		{03B0A6FA-BC4A-4772-9273-8C8294EBF67A}.Debug|Any CPU.Build.0 = Debug|Any CPU
		{03B0A6FA-BC4A-4772-9273-8C8294EBF67A}.Release|Any CPU.ActiveCfg = Release|Any CPU
		{03B0A6FA-BC4A-4772-9273-8C8294EBF67A}.Release|Any CPU.Build.0 = Release|Any CPU
		{CCD50774-1053-40D0-ABC6-D64688174D3D}.Debug|Any CPU.ActiveCfg = Debug|Any CPU
		{CCD50774-1053-40D0-ABC6-D64688174D3D}.Debug|Any CPU.Build.0 = Debug|Any CPU
		{CCD50774-1053-40D0-ABC6-D64688174D3D}.Release|Any CPU.ActiveCfg = Release|Any CPU
		{CCD50774-1053-40D0-ABC6-D64688174D3D}.Release|Any CPU.Build.0 = Release|Any CPU
		{02AADB13-18C3-4FD4-B891-42DE96775063}.Debug|Any CPU.ActiveCfg = Debug|Any CPU
		{02AADB13-18C3-4FD4-B891-42DE96775063}.Debug|Any CPU.Build.0 = Debug|Any CPU
		{02AADB13-18C3-4FD4-B891-42DE96775063}.Release|Any CPU.ActiveCfg = Release|Any CPU
		{02AADB13-18C3-4FD4-B891-42DE96775063}.Release|Any CPU.Build.0 = Release|Any CPU
	EndGlobalSection
	GlobalSection(SolutionProperties) = preSolution
		HideSolutionNode = FALSE
	EndGlobalSection
EndGlobal
