
Microsoft Visual Studio Solution File, Format Version 12.00
# Visual Studio 2013
VisualStudioVersion = 12.0.21005.1
MinimumVisualStudioVersion = 10.0.40219.1
Project("{FAE04EC0-301F-11D3-BF4B-00C04F79EFBC}") = "MVC5-Trophies", "MVC5-Trophies\MVC5-Trophies.csproj", "{97A5CC86-EDA8-4B7E-A8C3-8BDA342D4980}"
EndProject
Project("{FAE04EC0-301F-11D3-BF4B-00C04F79EFBC}") = "MVC5-Trophies.Tests", "j:\My Documents\Visual Studio 2013\Projects\MVC5-Trophies\MVC5-Trophies.Tests\MVC5-Trophies.Tests.csproj", "{116C882A-9D3A-432F-B7AA-C5D633F2ADFD}"
EndProject
Global
	GlobalSection(SolutionConfigurationPlatforms) = preSolution
		Debug|Any CPU = Debug|Any CPU
		Release|Any CPU = Release|Any CPU
	EndGlobalSection
	GlobalSection(ProjectConfigurationPlatforms) = postSolution
		{97A5CC86-EDA8-4B7E-A8C3-8BDA342D4980}.Debug|Any CPU.ActiveCfg = Debug|Any CPU
		{97A5CC86-EDA8-4B7E-A8C3-8BDA342D4980}.Debug|Any CPU.Build.0 = Debug|Any CPU
		{97A5CC86-EDA8-4B7E-A8C3-8BDA342D4980}.Release|Any CPU.ActiveCfg = Release|Any CPU
		{97A5CC86-EDA8-4B7E-A8C3-8BDA342D4980}.Release|Any CPU.Build.0 = Release|Any CPU
		{116C882A-9D3A-432F-B7AA-C5D633F2ADFD}.Debug|Any CPU.ActiveCfg = Debug|Any CPU
		{116C882A-9D3A-432F-B7AA-C5D633F2ADFD}.Debug|Any CPU.Build.0 = Debug|Any CPU
		{116C882A-9D3A-432F-B7AA-C5D633F2ADFD}.Release|Any CPU.ActiveCfg = Release|Any CPU
		{116C882A-9D3A-432F-B7AA-C5D633F2ADFD}.Release|Any CPU.Build.0 = Release|Any CPU
	EndGlobalSection
	GlobalSection(SolutionProperties) = preSolution
		HideSolutionNode = FALSE
	EndGlobalSection
EndGlobal
