
Microsoft Visual Studio Solution File, Format Version 12.00
# Visual Studio 15
VisualStudioVersion = 15.0.28010.2050
MinimumVisualStudioVersion = 10.0.40219.1
Project("{FAE04EC0-301F-11D3-BF4B-00C04F79EFBC}") = "TFL-SourceCode", "TFL-SourceCode\TFL-SourceCode.csproj", "{06BC86A3-3365-45E4-8E76-190E2AC71627}"
EndProject
Global
	GlobalSection(SolutionConfigurationPlatforms) = preSolution
		Debug|Any CPU = Debug|Any CPU
		Release|Any CPU = Release|Any CPU
	EndGlobalSection
	GlobalSection(ProjectConfigurationPlatforms) = postSolution
		{06BC86A3-3365-45E4-8E76-190E2AC71627}.Debug|Any CPU.ActiveCfg = Debug|Any CPU
		{06BC86A3-3365-45E4-8E76-190E2AC71627}.Debug|Any CPU.Build.0 = Debug|Any CPU
		{06BC86A3-3365-45E4-8E76-190E2AC71627}.Release|Any CPU.ActiveCfg = Release|Any CPU
		{06BC86A3-3365-45E4-8E76-190E2AC71627}.Release|Any CPU.Build.0 = Release|Any CPU
	EndGlobalSection
	GlobalSection(SolutionProperties) = preSolution
		HideSolutionNode = FALSE
	EndGlobalSection
	GlobalSection(ExtensibilityGlobals) = postSolution
		SolutionGuid = {EAF7E5CD-0103-4137-96CA-EC24724BEA8A}
	EndGlobalSection
EndGlobal
