
Microsoft Visual Studio Solution File, Format Version 12.00
# Visual Studio 15
VisualStudioVersion = 15.0.28010.2050
MinimumVisualStudioVersion = 10.0.40219.1
Project("{FAE04EC0-301F-11D3-BF4B-00C04F79EFBC}") = "Tycoon.Api", "Tycoon.Api\Tycoon.Api.csproj", "{6C486271-DCAD-4E49-A892-FD79385CCFF1}"
EndProject
Global
	GlobalSection(SolutionConfigurationPlatforms) = preSolution
		Debug|Any CPU = Debug|Any CPU
		Release|Any CPU = Release|Any CPU
	EndGlobalSection
	GlobalSection(ProjectConfigurationPlatforms) = postSolution
		{6C486271-DCAD-4E49-A892-FD79385CCFF1}.Debug|Any CPU.ActiveCfg = Debug|Any CPU
		{6C486271-DCAD-4E49-A892-FD79385CCFF1}.Debug|Any CPU.Build.0 = Debug|Any CPU
		{6C486271-DCAD-4E49-A892-FD79385CCFF1}.Release|Any CPU.ActiveCfg = Release|Any CPU
		{6C486271-DCAD-4E49-A892-FD79385CCFF1}.Release|Any CPU.Build.0 = Release|Any CPU
	EndGlobalSection
	GlobalSection(SolutionProperties) = preSolution
		HideSolutionNode = FALSE
	EndGlobalSection
	GlobalSection(ExtensibilityGlobals) = postSolution
		SolutionGuid = {F2DD9A45-93FE-4E67-BC80-B45B41325193}
	EndGlobalSection
EndGlobal
