
Microsoft Visual Studio Solution File, Format Version 12.00
# Visual Studio 2012
Project("{2150E333-8FDC-42A3-9474-1A3956D46DE8}") = "Framework", "Framework", "{3766A85E-76E5-472B-9139-27B67D43CDD2}"
EndProject
Project("{2150E333-8FDC-42A3-9474-1A3956D46DE8}") = "Dependencies", "Dependencies", "{ABD5840E-5115-405D-8B0A-4E5EE5D7A705}"
	ProjectSection(SolutionItems) = preProject
		..\Dependencies\Antlr3.Runtime.dll = ..\Dependencies\Antlr3.Runtime.dll
		..\Dependencies\Department.AddressValidation.dll = ..\Dependencies\Department.AddressValidation.dll
		..\Dependencies\Elmah.dll = ..\Dependencies\Elmah.dll
		..\Dependencies\Employment.Esc.Adw.Contracts.dll = ..\Dependencies\Employment.Esc.Adw.Contracts.dll
		..\Dependencies\Employment.Esc.Framework.Reporting.dll = ..\Dependencies\Employment.Esc.Framework.Reporting.dll
		..\Dependencies\Employment.Esc.Shared.Contracts.dll = ..\Dependencies\Employment.Esc.Shared.Contracts.dll
		..\Dependencies\Employment.Esc.Shared.Security.dll = ..\Dependencies\Employment.Esc.Shared.Security.dll
		..\Dependencies\Employment.Esc.Shared.Zip.dll = ..\Dependencies\Employment.Esc.Shared.Zip.dll
		..\Dependencies\Microsoft.ApplicationServer.Caching.Client.dll = ..\Dependencies\Microsoft.ApplicationServer.Caching.Client.dll
		..\Dependencies\Microsoft.ApplicationServer.Caching.Core.dll = ..\Dependencies\Microsoft.ApplicationServer.Caching.Core.dll
		..\Dependencies\Microsoft.Practices.EnterpriseLibrary.Caching.Database.dll = ..\Dependencies\Microsoft.Practices.EnterpriseLibrary.Caching.Database.dll
		..\Dependencies\Microsoft.Practices.EnterpriseLibrary.Caching.dll = ..\Dependencies\Microsoft.Practices.EnterpriseLibrary.Caching.dll
		..\Dependencies\Microsoft.Practices.EnterpriseLibrary.Common.dll = ..\Dependencies\Microsoft.Practices.EnterpriseLibrary.Common.dll
		..\Dependencies\Microsoft.Practices.EnterpriseLibrary.Data.dll = ..\Dependencies\Microsoft.Practices.EnterpriseLibrary.Data.dll
		..\Dependencies\Microsoft.Practices.EnterpriseLibrary.ExceptionHandling.dll = ..\Dependencies\Microsoft.Practices.EnterpriseLibrary.ExceptionHandling.dll
		..\Dependencies\Microsoft.Practices.EnterpriseLibrary.ExceptionHandling.Logging.dll = ..\Dependencies\Microsoft.Practices.EnterpriseLibrary.ExceptionHandling.Logging.dll
		..\Dependencies\Microsoft.Practices.EnterpriseLibrary.ExceptionHandling.WCF.dll = ..\Dependencies\Microsoft.Practices.EnterpriseLibrary.ExceptionHandling.WCF.dll
		..\Dependencies\Microsoft.Practices.EnterpriseLibrary.Logging.Database.dll = ..\Dependencies\Microsoft.Practices.EnterpriseLibrary.Logging.Database.dll
		..\Dependencies\Microsoft.Practices.EnterpriseLibrary.Logging.dll = ..\Dependencies\Microsoft.Practices.EnterpriseLibrary.Logging.dll
		..\Dependencies\Microsoft.Practices.EnterpriseLibrary.PolicyInjection.dll = ..\Dependencies\Microsoft.Practices.EnterpriseLibrary.PolicyInjection.dll
		..\Dependencies\Microsoft.Practices.EnterpriseLibrary.Security.dll = ..\Dependencies\Microsoft.Practices.EnterpriseLibrary.Security.dll
		..\Dependencies\Microsoft.Practices.EnterpriseLibrary.Validation.dll = ..\Dependencies\Microsoft.Practices.EnterpriseLibrary.Validation.dll
		..\Dependencies\Microsoft.Practices.EnterpriseLibrary.Validation.Integration.WCF.dll = ..\Dependencies\Microsoft.Practices.EnterpriseLibrary.Validation.Integration.WCF.dll
		..\Dependencies\Microsoft.Practices.ServiceLocation.dll = ..\Dependencies\Microsoft.Practices.ServiceLocation.dll
		..\Dependencies\Microsoft.Practices.Unity.Configuration.dll = ..\Dependencies\Microsoft.Practices.Unity.Configuration.dll
		..\Dependencies\Microsoft.Practices.Unity.dll = ..\Dependencies\Microsoft.Practices.Unity.dll
		..\Dependencies\Microsoft.Practices.Unity.Interception.dll = ..\Dependencies\Microsoft.Practices.Unity.Interception.dll
		..\Dependencies\Microsoft.Web.Infrastructure.dll = ..\Dependencies\Microsoft.Web.Infrastructure.dll
		..\Dependencies\Microsoft.WindowsFabric.Common.dll = ..\Dependencies\Microsoft.WindowsFabric.Common.dll
		..\Dependencies\Microsoft.WindowsFabric.Data.Common.dll = ..\Dependencies\Microsoft.WindowsFabric.Data.Common.dll
		..\Dependencies\MiniProfiler.dll = ..\Dependencies\MiniProfiler.dll
		..\Dependencies\MiniProfiler.Mvc.dll = ..\Dependencies\MiniProfiler.Mvc.dll
		..\Dependencies\Moq.dll = ..\Dependencies\Moq.dll
		..\Dependencies\Newtonsoft.Json.dll = ..\Dependencies\Newtonsoft.Json.dll
		..\Dependencies\System.DirectoryServices.dll = ..\Dependencies\System.DirectoryServices.dll
		..\Dependencies\System.Web.Helpers.dll = ..\Dependencies\System.Web.Helpers.dll
		..\Dependencies\System.Web.Mvc.dll = ..\Dependencies\System.Web.Mvc.dll
		..\Dependencies\System.Web.Optimization.dll = ..\Dependencies\System.Web.Optimization.dll
		..\Dependencies\System.Web.Razor.dll = ..\Dependencies\System.Web.Razor.dll
		..\Dependencies\System.Web.WebPages.Deployment.dll = ..\Dependencies\System.Web.WebPages.Deployment.dll
		..\Dependencies\System.Web.WebPages.dll = ..\Dependencies\System.Web.WebPages.dll
		..\Dependencies\System.Web.WebPages.Razor.dll = ..\Dependencies\System.Web.WebPages.Razor.dll
		..\Dependencies\WebGrease.dll = ..\Dependencies\WebGrease.dll
	EndProjectSection
EndProject
Project("{FAE04EC0-301F-11D3-BF4B-00C04F79EFBC}") = "Site", "Site\Site.csproj", "{82CB72FD-7992-44DE-8229-0551E230757E}"
	ProjectSection(ProjectDependencies) = postProject
		{39E5A208-023D-438F-9AD5-4C1DA2CB6F71} = {39E5A208-023D-438F-9AD5-4C1DA2CB6F71}
		{6DEFA112-30FE-4787-A124-C58E9A5C237C} = {6DEFA112-30FE-4787-A124-C58E9A5C237C}
		{7E1F5216-EF6D-46F2-AD0F-785418FD174B} = {7E1F5216-EF6D-46F2-AD0F-785418FD174B}
		{FCEF5117-2BFE-4BE9-8A0D-01EAF70FFEE4} = {FCEF5117-2BFE-4BE9-8A0D-01EAF70FFEE4}
		{E4D63420-E77A-4ACD-B461-4F3662F35F09} = {E4D63420-E77A-4ACD-B461-4F3662F35F09}
		{21997327-5228-4FF3-BCC1-242FAF3504E3} = {21997327-5228-4FF3-BCC1-242FAF3504E3}
		{CFBE7A2A-90F2-46DD-9FB9-86D60463CE1B} = {CFBE7A2A-90F2-46DD-9FB9-86D60463CE1B}
		{E54A562C-09E4-4A80-8B54-B88390701C66} = {E54A562C-09E4-4A80-8B54-B88390701C66}
		{EEF2F635-2F9E-41CD-9171-7647701C0935} = {EEF2F635-2F9E-41CD-9171-7647701C0935}
		{65859A38-A445-4B9F-B7E1-252F6A1AB450} = {65859A38-A445-4B9F-B7E1-252F6A1AB450}
		{3D49484C-D664-4F75-BD7D-430D60F60ADD} = {3D49484C-D664-4F75-BD7D-430D60F60ADD}
		{8187B152-FE01-452B-BE91-2C280A391B13} = {8187B152-FE01-452B-BE91-2C280A391B13}
		{BB29705F-9D12-4E71-85CE-5BE1D4AF6291} = {BB29705F-9D12-4E71-85CE-5BE1D4AF6291}
		{76087C66-0C19-4B97-B66F-F45F9A935461} = {76087C66-0C19-4B97-B66F-F45F9A935461}
		{FF33F875-F33A-4274-A7F6-3A6CE540BF68} = {FF33F875-F33A-4274-A7F6-3A6CE540BF68}
		{310DE286-3C89-4304-9950-22C140178F9A} = {310DE286-3C89-4304-9950-22C140178F9A}
		{5FD4968F-2A22-4E10-8EB6-AF75998F7734} = {5FD4968F-2A22-4E10-8EB6-AF75998F7734}
		{D3CED39F-C026-48F2-AFE3-D31E4639F13D} = {D3CED39F-C026-48F2-AFE3-D31E4639F13D}
		{1D4513AE-7EAA-40F7-B71E-66990C0BE81B} = {1D4513AE-7EAA-40F7-B71E-66990C0BE81B}
		{11CD1BB6-B6E8-405F-AC5D-46781D28B9A4} = {11CD1BB6-B6E8-405F-AC5D-46781D28B9A4}
		{892EF8C2-68BF-4B6D-B798-63BE5901426E} = {892EF8C2-68BF-4B6D-B798-63BE5901426E}
		{46EF72C6-FF77-4361-A0EA-DB3292D7C950} = {46EF72C6-FF77-4361-A0EA-DB3292D7C950}
		{2C90BBCC-AA32-4D3F-A02E-3F2911466559} = {2C90BBCC-AA32-4D3F-A02E-3F2911466559}
		{C7AAADCF-A28F-4E9B-8F22-2D9B65E37254} = {C7AAADCF-A28F-4E9B-8F22-2D9B65E37254}
		{D84B47DC-3E34-467D-B4E2-80D655BB87A9} = {D84B47DC-3E34-467D-B4E2-80D655BB87A9}
		{99A489DE-BAED-42B5-83C5-ED5898ABFBC9} = {99A489DE-BAED-42B5-83C5-ED5898ABFBC9}
		{5777A0EA-8BED-4B1C-A7E3-E21266D3399B} = {5777A0EA-8BED-4B1C-A7E3-E21266D3399B}
		{016194F6-7676-4EB3-A7C7-BA68B531D3DD} = {016194F6-7676-4EB3-A7C7-BA68B531D3DD}
		{8CBBEBF9-CC48-4D5E-B407-5AE1E24188FC} = {8CBBEBF9-CC48-4D5E-B407-5AE1E24188FC}
	EndProjectSection
EndProject
Project("{FAE04EC0-301F-11D3-BF4B-00C04F79EFBC}") = "Service.Interfaces", "Services\Interfaces\Service.Interfaces.csproj", "{811FA3E9-2C73-41F6-96BD-F92F9554E883}"
EndProject
Project("{FAE04EC0-301F-11D3-BF4B-00C04F79EFBC}") = "Service.Implementation", "Services\Implementation\Service.Implementation.csproj", "{8D5E834E-D186-4DC6-BDE5-665AF8DB8A9A}"
EndProject
Project("{2150E333-8FDC-42A3-9474-1A3956D46DE8}") = "EntityFramework", "EntityFramework", "{0A18E1D3-F6C9-4A85-91D7-1C637DBD98D7}"
EndProject
Project("{FAE04EC0-301F-11D3-BF4B-00C04F79EFBC}") = "Admin", "Site\Areas\Admin\Admin.csproj", "{E54A562C-09E4-4A80-8B54-B88390701C66}"
EndProject
Project("{FAE04EC0-301F-11D3-BF4B-00C04F79EFBC}") = "Example", "Site\Areas\Example\Example.csproj", "{39E5A208-023D-438F-9AD5-4C1DA2CB6F71}"
EndProject
Project("{FAE04EC0-301F-11D3-BF4B-00C04F79EFBC}") = "Admin.Tests", "Site\Areas\Admin\Tests\Admin.Tests.csproj", "{6DEFA112-30FE-4787-A124-C58E9A5C237C}"
EndProject
Project("{FAE04EC0-301F-11D3-BF4B-00C04F79EFBC}") = "Example.Tests", "Site\Areas\Example\Tests\Example.Tests.csproj", "{BB29705F-9D12-4E71-85CE-5BE1D4AF6291}"
EndProject
Project("{FAE04EC0-301F-11D3-BF4B-00C04F79EFBC}") = "Infrastructure", "..\Infrastructure\Infrastructure\Infrastructure.csproj", "{48738AA7-C01E-4606-B96D-ABB70DBA3995}"
EndProject
Project("{FAE04EC0-301F-11D3-BF4B-00C04F79EFBC}") = "Infrastructure.Tests", "..\Infrastructure\Infrastructure.Tests\Infrastructure.Tests.csproj", "{C7AAADCF-A28F-4E9B-8F22-2D9B65E37254}"
EndProject
Project("{FAE04EC0-301F-11D3-BF4B-00C04F79EFBC}") = "Site.Tests", "Tests\Site.Tests.csproj", "{F0942853-B43A-478E-A116-456ABAFC2DE5}"
EndProject
Project("{2150E333-8FDC-42A3-9474-1A3956D46DE8}") = "Areas", "Areas", "{BEC29413-C4FE-453D-86CC-F5BA4CE8FBD3}"
EndProject
Project("{2150E333-8FDC-42A3-9474-1A3956D46DE8}") = "Services", "Services", "{C114D8E7-65CD-4074-A55F-A56900FE6DC4}"
EndProject
Project("{FAE04EC0-301F-11D3-BF4B-00C04F79EFBC}") = "Transition", "Site\Areas\Transition\Transition.csproj", "{1D4513AE-7EAA-40F7-B71E-66990C0BE81B}"
EndProject
Project("{FAE04EC0-301F-11D3-BF4B-00C04F79EFBC}") = "Transition.Tests", "Site\Areas\Transition\Tests\Transition.Tests.csproj", "{11CD1BB6-B6E8-405F-AC5D-46781D28B9A4}"
EndProject
Project("{FAE04EC0-301F-11D3-BF4B-00C04F79EFBC}") = "Activity", "Site\Areas\Activity\Activity.csproj", "{65859A38-A445-4B9F-B7E1-252F6A1AB450}"
EndProject
Project("{FAE04EC0-301F-11D3-BF4B-00C04F79EFBC}") = "Activity.Tests", "Site\Areas\Activity\Tests\Activity.Tests.csproj", "{CFBE7A2A-90F2-46DD-9FB9-86D60463CE1B}"
EndProject
Project("{FAE04EC0-301F-11D3-BF4B-00C04F79EFBC}") = "Document", "Site\Areas\Document\Document.csproj", "{7E1F5216-EF6D-46F2-AD0F-785418FD174B}"
EndProject
Project("{FAE04EC0-301F-11D3-BF4B-00C04F79EFBC}") = "Document.Tests", "Site\Areas\Document\Tests\Document.Tests.csproj", "{D3CED39F-C026-48F2-AFE3-D31E4639F13D}"
EndProject
Project("{FAE04EC0-301F-11D3-BF4B-00C04F79EFBC}") = "Fund", "Site\Areas\Fund\Fund.csproj", "{E4D63420-E77A-4ACD-B461-4F3662F35F09}"
EndProject
Project("{FAE04EC0-301F-11D3-BF4B-00C04F79EFBC}") = "Fund.Tests", "Site\Areas\Fund\Tests\Fund.Tests.csproj", "{310DE286-3C89-4304-9950-22C140178F9A}"
EndProject
Project("{FAE04EC0-301F-11D3-BF4B-00C04F79EFBC}") = "Vacancy", "Site\Areas\Vacancy\Vacancy.csproj", "{8187B152-FE01-452B-BE91-2C280A391B13}"
EndProject
Project("{FAE04EC0-301F-11D3-BF4B-00C04F79EFBC}") = "Vacancy.Tests", "Site\Areas\Vacancy\Tests\Vacancy.Tests.csproj", "{016194F6-7676-4EB3-A7C7-BA68B531D3DD}"
EndProject
Project("{FAE04EC0-301F-11D3-BF4B-00C04F79EFBC}") = "Employer", "Site\Areas\Employer\Employer.csproj", "{2C90BBCC-AA32-4D3F-A02E-3F2911466559}"
EndProject
Project("{FAE04EC0-301F-11D3-BF4B-00C04F79EFBC}") = "Employer.Tests", "Site\Areas\Employer\Tests\Employer.Tests.csproj", "{892EF8C2-68BF-4B6D-B798-63BE5901426E}"
EndProject
Project("{FAE04EC0-301F-11D3-BF4B-00C04F79EFBC}") = "Contract", "Site\Areas\Contract\Contract.csproj", "{21997327-5228-4FF3-BCC1-242FAF3504E3}"
EndProject
Project("{FAE04EC0-301F-11D3-BF4B-00C04F79EFBC}") = "Contract.Tests", "Site\Areas\Contract\Tests\Contract.Tests.csproj", "{99A489DE-BAED-42B5-83C5-ED5898ABFBC9}"
EndProject
Project("{FAE04EC0-301F-11D3-BF4B-00C04F79EFBC}") = "Provider", "Site\Areas\Provider\Provider.csproj", "{5FD4968F-2A22-4E10-8EB6-AF75998F7734}"
EndProject
Project("{FAE04EC0-301F-11D3-BF4B-00C04F79EFBC}") = "Provider.Tests", "Site\Areas\Provider\Tests\Provider.Tests.csproj", "{EEF2F635-2F9E-41CD-9171-7647701C0935}"
EndProject
Project("{FAE04EC0-301F-11D3-BF4B-00C04F79EFBC}") = "Payment", "Site\Areas\Payment\Payment.csproj", "{3D49484C-D664-4F75-BD7D-430D60F60ADD}"
EndProject
Project("{FAE04EC0-301F-11D3-BF4B-00C04F79EFBC}") = "Payment.Tests", "Site\Areas\Payment\Tests\Payment.Tests.csproj", "{46EF72C6-FF77-4361-A0EA-DB3292D7C950}"
EndProject
Project("{FAE04EC0-301F-11D3-BF4B-00C04F79EFBC}") = "JobSeeker", "Site\Areas\JobSeeker\JobSeeker.csproj", "{FF33F875-F33A-4274-A7F6-3A6CE540BF68}"
EndProject
Project("{FAE04EC0-301F-11D3-BF4B-00C04F79EFBC}") = "JobSeeker.Tests", "Site\Areas\JobSeeker\Tests\JobSeeker.Tests.csproj", "{D84B47DC-3E34-467D-B4E2-80D655BB87A9}"
EndProject
Project("{FAE04EC0-301F-11D3-BF4B-00C04F79EFBC}") = "Calendar", "Site\Areas\Calendar\Calendar.csproj", "{5777A0EA-8BED-4B1C-A7E3-E21266D3399B}"
EndProject
Project("{FAE04EC0-301F-11D3-BF4B-00C04F79EFBC}") = "Calendar.Tests", "Site\Areas\Calendar\Tests\Calendar.Tests.csproj", "{76087C66-0C19-4B97-B66F-F45F9A935461}"
EndProject
Project("{FAE04EC0-301F-11D3-BF4B-00C04F79EFBC}") = "Dashboard", "Site\Areas\Dashboard\Dashboard.csproj", "{FCEF5117-2BFE-4BE9-8A0D-01EAF70FFEE4}"
EndProject
Project("{FAE04EC0-301F-11D3-BF4B-00C04F79EFBC}") = "Dashboard.Tests", "Site\Areas\Dashboard\Tests\Dashboard.Tests.csproj", "{8CBBEBF9-CC48-4D5E-B407-5AE1E24188FC}"
EndProject
Global
	GlobalSection(TeamFoundationVersionControl) = preSolution
		SccNumberOfProjects = 35
		SccEnterpriseProvider = {4CA58AB2-18FA-4F8D-95D4-32DDF27D184C}
		SccTeamFoundationServer = http://esg-tfsserver:8080/tfs/esgcollection
		SccLocalPath0 = .
		SccProjectUniqueName1 = Services\\Implementation\\Service.Implementation.csproj
		SccProjectTopLevelParentUniqueName1 = Zeus.Complete.sln
		SccProjectName1 = Services/Implementation
		SccLocalPath1 = Services\\Implementation
		SccProjectUniqueName2 = Services\\Interfaces\\Service.Interfaces.csproj
		SccProjectTopLevelParentUniqueName2 = Zeus.Complete.sln
		SccProjectName2 = Services/Interfaces
		SccLocalPath2 = Services\\Interfaces
		SccProjectUniqueName3 = Site\\Areas\\Admin\\Admin.csproj
		SccProjectTopLevelParentUniqueName3 = Zeus.Complete.sln
		SccProjectName3 = Site/Areas/Admin
		SccLocalPath3 = Site\\Areas\\Admin
		SccProjectUniqueName4 = Site\\Areas\\Admin\\Tests\\Admin.Tests.csproj
		SccProjectTopLevelParentUniqueName4 = Zeus.Complete.sln
		SccProjectName4 = Site/Areas/Admin/Tests
		SccLocalPath4 = Site\\Areas\\Admin\\Tests
		SccProjectUniqueName5 = Site\\Areas\\Example\\Example.csproj
		SccProjectTopLevelParentUniqueName5 = Zeus.Complete.sln
		SccProjectName5 = Site/Areas/Example
		SccLocalPath5 = Site\\Areas\\Example
		SccProjectUniqueName6 = Site\\Areas\\Example\\Tests\\Example.Tests.csproj
		SccProjectTopLevelParentUniqueName6 = Zeus.Complete.sln
		SccProjectName6 = Site/Areas/Example/Tests
		SccLocalPath6 = Site\\Areas\\Example\\Tests
		SccProjectUniqueName7 = Site\\Site.csproj
		SccProjectName7 = Site
		SccLocalPath7 = Site
		SccProjectUniqueName8 = ..\\Infrastructure\\Infrastructure\\Infrastructure.csproj
		SccProjectTopLevelParentUniqueName8 = Zeus.Complete.sln
		SccProjectName8 = ../Infrastructure/Infrastructure
		SccLocalPath8 = ..\\Infrastructure\\Infrastructure
		SccProjectUniqueName9 = ..\\Infrastructure\\Infrastructure.Tests\\Infrastructure.Tests.csproj
		SccProjectTopLevelParentUniqueName9 = Zeus.Complete.sln
		SccProjectName9 = ../Infrastructure/Infrastructure.Tests
		SccLocalPath9 = ..\\Infrastructure\\Infrastructure.Tests
		SccProjectUniqueName10 = Tests\\Site.Tests.csproj
		SccProjectName10 = Tests
		SccLocalPath10 = Tests
		SccProjectUniqueName11 = Site\\Areas\\Transition\\Transition.csproj
		SccProjectTopLevelParentUniqueName11 = Zeus.Complete.sln
		SccProjectName11 = Site/Areas/Transition
		SccLocalPath11 = Site\\Areas\\Transition
		SccProjectUniqueName12 = Site\\Areas\\Transition\\Tests\\Transition.Tests.csproj
		SccProjectTopLevelParentUniqueName12 = Zeus.Complete.sln
		SccProjectName12 = Site/Areas/Transition/Tests
		SccLocalPath12 = Site\\Areas\\Transition\\Tests
		SccProjectUniqueName13 = Site\\Areas\\Activity\\Activity.csproj
		SccProjectTopLevelParentUniqueName13 = Zeus.Complete.sln
		SccProjectName13 = Site/Areas/Activity
		SccLocalPath13 = Site\\Areas\\Activity
		SccProjectUniqueName14 = Site\\Areas\\Activity\\Tests\\Activity.Tests.csproj
		SccProjectTopLevelParentUniqueName14 = Zeus.Complete.sln
		SccProjectName14 = Site/Areas/Activity/Tests
		SccLocalPath14 = Site\\Areas\\Activity\\Tests
		SccProjectUniqueName15 = Site\\Areas\\Document\\Document.csproj
		SccProjectTopLevelParentUniqueName15 = Zeus.Complete.sln
		SccProjectName15 = Site/Areas/Document
		SccLocalPath15 = Site\\Areas\\Document
		SccProjectUniqueName16 = Site\\Areas\\Document\\Tests\\Document.Tests.csproj
		SccProjectTopLevelParentUniqueName16 = Zeus.Complete.sln
		SccProjectName16 = Site/Areas/Document/Tests
		SccLocalPath16 = Site\\Areas\\Document\\Tests
		SccProjectUniqueName17 = Site\\Areas\\Fund\\Fund.csproj
		SccProjectTopLevelParentUniqueName17 = Zeus.Complete.sln
		SccProjectName17 = Site/Areas/Fund
		SccLocalPath17 = Site\\Areas\\Fund
		SccProjectUniqueName18 = Site\\Areas\\Fund\\Tests\\Fund.Tests.csproj
		SccProjectTopLevelParentUniqueName18 = Zeus.Complete.sln
		SccProjectName18 = Site/Areas/Fund/Tests
		SccLocalPath18 = Site\\Areas\\Fund\\Tests
		SccProjectUniqueName19 = Site\\Areas\\Vacancy\\Vacancy.csproj
		SccProjectTopLevelParentUniqueName19 = Zeus.Complete.sln
		SccProjectName19 = Site/Areas/Vacancy
		SccLocalPath19 = Site\\Areas\\Vacancy
		SccProjectUniqueName20 = Site\\Areas\\Vacancy\\Tests\\Vacancy.Tests.csproj
		SccProjectTopLevelParentUniqueName20 = Zeus.Complete.sln
		SccProjectName20 = Site/Areas/Vacancy/Tests
		SccLocalPath20 = Site\\Areas\\Vacancy\\Tests
		SccProjectUniqueName21 = Site\\Areas\\Employer\\Employer.csproj
		SccProjectTopLevelParentUniqueName21 = Zeus.Complete.sln
		SccProjectName21 = Site/Areas/Employer
		SccLocalPath21 = Site\\Areas\\Employer
		SccProjectUniqueName22 = Site\\Areas\\Employer\\Tests\\Employer.Tests.csproj
		SccProjectTopLevelParentUniqueName22 = Zeus.Complete.sln
		SccProjectName22 = Site/Areas/Employer/Tests
		SccLocalPath22 = Site\\Areas\\Employer\\Tests
		SccProjectUniqueName23 = Site\\Areas\\Contract\\Contract.csproj
		SccProjectTopLevelParentUniqueName23 = Zeus.Complete.sln
		SccProjectName23 = Site/Areas/Contract
		SccLocalPath23 = Site\\Areas\\Contract
		SccProjectUniqueName24 = Site\\Areas\\Contract\\Tests\\Contract.Tests.csproj
		SccProjectTopLevelParentUniqueName24 = Zeus.Complete.sln
		SccProjectName24 = Site/Areas/Contract/Tests
		SccLocalPath24 = Site\\Areas\\Contract\\Tests
		SccProjectUniqueName25 = Site\\Areas\\Provider\\Provider.csproj
		SccProjectTopLevelParentUniqueName25 = Zeus.Complete.sln
		SccProjectName25 = Site/Areas/Provider
		SccLocalPath25 = Site\\Areas\\Provider
		SccProjectUniqueName26 = Site\\Areas\\Provider\\Tests\\Provider.Tests.csproj
		SccProjectTopLevelParentUniqueName26 = Zeus.Complete.sln
		SccProjectName26 = Site/Areas/Provider/Tests
		SccLocalPath26 = Site\\Areas\\Provider\\Tests
		SccProjectUniqueName27 = Site\\Areas\\Payment\\Payment.csproj
		SccProjectTopLevelParentUniqueName27 = Zeus.Complete.sln
		SccProjectName27 = Site/Areas/Payment
		SccLocalPath27 = Site\\Areas\\Payment
		SccProjectUniqueName28 = Site\\Areas\\Payment\\Tests\\Payment.Tests.csproj
		SccProjectTopLevelParentUniqueName28 = Zeus.Complete.sln
		SccProjectName28 = Site/Areas/Payment/Tests
		SccLocalPath28 = Site\\Areas\\Payment\\Tests
		SccProjectUniqueName29 = Site\\Areas\\JobSeeker\\JobSeeker.csproj
		SccProjectTopLevelParentUniqueName29 = Zeus.Complete.sln
		SccProjectName29 = Site/Areas/JobSeeker
		SccLocalPath29 = Site\\Areas\\JobSeeker
		SccProjectUniqueName30 = Site\\Areas\\JobSeeker\\Tests\\JobSeeker.Tests.csproj
		SccProjectTopLevelParentUniqueName30 = Zeus.Complete.sln
		SccProjectName30 = Site/Areas/JobSeeker/Tests
		SccLocalPath30 = Site\\Areas\\JobSeeker\\Tests
		SccProjectUniqueName31 = Site\\Areas\\Calendar\\Calendar.csproj
		SccProjectTopLevelParentUniqueName31 = Zeus.Complete.sln
		SccProjectName31 = Site/Areas/Calendar
		SccLocalPath31 = Site\\Areas\\Calendar
		SccProjectUniqueName32 = Site\\Areas\\Calendar\\Tests\\Calendar.Tests.csproj
		SccProjectTopLevelParentUniqueName32 = Zeus.Complete.sln
		SccProjectName32 = Site/Areas/Calendar/Tests
		SccLocalPath32 = Site\\Areas\\Calendar\\Tests
		SccProjectUniqueName33 = Site\\Areas\\Dashboard\\Dashboard.csproj
		SccProjectTopLevelParentUniqueName33 = Zeus.Complete.sln
		SccProjectName33 = Site/Areas/Dashboard
		SccLocalPath33 = Site\\Areas\\Dashboard
		SccProjectUniqueName34 = Site\\Areas\\Dashboard\\Tests\\Dashboard.Tests.csproj
		SccProjectTopLevelParentUniqueName34 = Zeus.Complete.sln
		SccProjectName34 = Site/Areas/Dashboard/Tests
		SccLocalPath34 = Site\\Areas\\Dashboard\\Tests
	EndGlobalSection
	GlobalSection(SolutionConfigurationPlatforms) = preSolution
		Debug|Any CPU = Debug|Any CPU
		DevFix|Any CPU = DevFix|Any CPU
		DevRelease|Any CPU = DevRelease|Any CPU
		Integration|Any CPU = Integration|Any CPU
		Release|Any CPU = Release|Any CPU
		TestFix|Any CPU = TestFix|Any CPU
		TestRelease|Any CPU = TestRelease|Any CPU
	EndGlobalSection
	GlobalSection(ProjectConfigurationPlatforms) = postSolution
		{82CB72FD-7992-44DE-8229-0551E230757E}.Debug|Any CPU.ActiveCfg = Debug|Any CPU
		{82CB72FD-7992-44DE-8229-0551E230757E}.Debug|Any CPU.Build.0 = Debug|Any CPU
		{82CB72FD-7992-44DE-8229-0551E230757E}.DevFix|Any CPU.ActiveCfg = Debug|Any CPU
		{82CB72FD-7992-44DE-8229-0551E230757E}.DevFix|Any CPU.Build.0 = Debug|Any CPU
		{82CB72FD-7992-44DE-8229-0551E230757E}.DevRelease|Any CPU.ActiveCfg = Release|Any CPU
		{82CB72FD-7992-44DE-8229-0551E230757E}.DevRelease|Any CPU.Build.0 = Release|Any CPU
		{82CB72FD-7992-44DE-8229-0551E230757E}.Integration|Any CPU.ActiveCfg = Release|Any CPU
		{82CB72FD-7992-44DE-8229-0551E230757E}.Integration|Any CPU.Build.0 = Release|Any CPU
		{82CB72FD-7992-44DE-8229-0551E230757E}.Release|Any CPU.ActiveCfg = Release|Any CPU
		{82CB72FD-7992-44DE-8229-0551E230757E}.Release|Any CPU.Build.0 = Release|Any CPU
		{82CB72FD-7992-44DE-8229-0551E230757E}.TestFix|Any CPU.ActiveCfg = Release|Any CPU
		{82CB72FD-7992-44DE-8229-0551E230757E}.TestFix|Any CPU.Build.0 = Release|Any CPU
		{82CB72FD-7992-44DE-8229-0551E230757E}.TestRelease|Any CPU.ActiveCfg = Release|Any CPU
		{82CB72FD-7992-44DE-8229-0551E230757E}.TestRelease|Any CPU.Build.0 = Release|Any CPU
		{811FA3E9-2C73-41F6-96BD-F92F9554E883}.Debug|Any CPU.ActiveCfg = Debug|Any CPU
		{811FA3E9-2C73-41F6-96BD-F92F9554E883}.Debug|Any CPU.Build.0 = Debug|Any CPU
		{811FA3E9-2C73-41F6-96BD-F92F9554E883}.DevFix|Any CPU.ActiveCfg = DevFix|Any CPU
		{811FA3E9-2C73-41F6-96BD-F92F9554E883}.DevFix|Any CPU.Build.0 = DevFix|Any CPU
		{811FA3E9-2C73-41F6-96BD-F92F9554E883}.DevRelease|Any CPU.ActiveCfg = DevRelease|Any CPU
		{811FA3E9-2C73-41F6-96BD-F92F9554E883}.DevRelease|Any CPU.Build.0 = DevRelease|Any CPU
		{811FA3E9-2C73-41F6-96BD-F92F9554E883}.Integration|Any CPU.ActiveCfg = Integration|Any CPU
		{811FA3E9-2C73-41F6-96BD-F92F9554E883}.Integration|Any CPU.Build.0 = Integration|Any CPU
		{811FA3E9-2C73-41F6-96BD-F92F9554E883}.Release|Any CPU.ActiveCfg = Release|Any CPU
		{811FA3E9-2C73-41F6-96BD-F92F9554E883}.Release|Any CPU.Build.0 = Release|Any CPU
		{811FA3E9-2C73-41F6-96BD-F92F9554E883}.TestFix|Any CPU.ActiveCfg = TestFix|Any CPU
		{811FA3E9-2C73-41F6-96BD-F92F9554E883}.TestFix|Any CPU.Build.0 = TestFix|Any CPU
		{811FA3E9-2C73-41F6-96BD-F92F9554E883}.TestRelease|Any CPU.ActiveCfg = TestRelease|Any CPU
		{811FA3E9-2C73-41F6-96BD-F92F9554E883}.TestRelease|Any CPU.Build.0 = TestRelease|Any CPU
		{8D5E834E-D186-4DC6-BDE5-665AF8DB8A9A}.Debug|Any CPU.ActiveCfg = Debug|Any CPU
		{8D5E834E-D186-4DC6-BDE5-665AF8DB8A9A}.Debug|Any CPU.Build.0 = Debug|Any CPU
		{8D5E834E-D186-4DC6-BDE5-665AF8DB8A9A}.DevFix|Any CPU.ActiveCfg = DevFix|Any CPU
		{8D5E834E-D186-4DC6-BDE5-665AF8DB8A9A}.DevFix|Any CPU.Build.0 = DevFix|Any CPU
		{8D5E834E-D186-4DC6-BDE5-665AF8DB8A9A}.DevRelease|Any CPU.ActiveCfg = DevRelease|Any CPU
		{8D5E834E-D186-4DC6-BDE5-665AF8DB8A9A}.DevRelease|Any CPU.Build.0 = DevRelease|Any CPU
		{8D5E834E-D186-4DC6-BDE5-665AF8DB8A9A}.Integration|Any CPU.ActiveCfg = Integration|Any CPU
		{8D5E834E-D186-4DC6-BDE5-665AF8DB8A9A}.Integration|Any CPU.Build.0 = Integration|Any CPU
		{8D5E834E-D186-4DC6-BDE5-665AF8DB8A9A}.Release|Any CPU.ActiveCfg = Release|Any CPU
		{8D5E834E-D186-4DC6-BDE5-665AF8DB8A9A}.Release|Any CPU.Build.0 = Release|Any CPU
		{8D5E834E-D186-4DC6-BDE5-665AF8DB8A9A}.TestFix|Any CPU.ActiveCfg = TestFix|Any CPU
		{8D5E834E-D186-4DC6-BDE5-665AF8DB8A9A}.TestFix|Any CPU.Build.0 = TestFix|Any CPU
		{8D5E834E-D186-4DC6-BDE5-665AF8DB8A9A}.TestRelease|Any CPU.ActiveCfg = TestRelease|Any CPU
		{8D5E834E-D186-4DC6-BDE5-665AF8DB8A9A}.TestRelease|Any CPU.Build.0 = TestRelease|Any CPU
		{E54A562C-09E4-4A80-8B54-B88390701C66}.Debug|Any CPU.ActiveCfg = Debug|Any CPU
		{E54A562C-09E4-4A80-8B54-B88390701C66}.Debug|Any CPU.Build.0 = Debug|Any CPU
		{E54A562C-09E4-4A80-8B54-B88390701C66}.DevFix|Any CPU.ActiveCfg = DevFix|Any CPU
		{E54A562C-09E4-4A80-8B54-B88390701C66}.DevFix|Any CPU.Build.0 = DevFix|Any CPU
		{E54A562C-09E4-4A80-8B54-B88390701C66}.DevRelease|Any CPU.ActiveCfg = DevRelease|Any CPU
		{E54A562C-09E4-4A80-8B54-B88390701C66}.DevRelease|Any CPU.Build.0 = DevRelease|Any CPU
		{E54A562C-09E4-4A80-8B54-B88390701C66}.Integration|Any CPU.ActiveCfg = Integration|Any CPU
		{E54A562C-09E4-4A80-8B54-B88390701C66}.Integration|Any CPU.Build.0 = Integration|Any CPU
		{E54A562C-09E4-4A80-8B54-B88390701C66}.Release|Any CPU.ActiveCfg = Release|Any CPU
		{E54A562C-09E4-4A80-8B54-B88390701C66}.Release|Any CPU.Build.0 = Release|Any CPU
		{E54A562C-09E4-4A80-8B54-B88390701C66}.TestFix|Any CPU.ActiveCfg = TestFix|Any CPU
		{E54A562C-09E4-4A80-8B54-B88390701C66}.TestFix|Any CPU.Build.0 = TestFix|Any CPU
		{E54A562C-09E4-4A80-8B54-B88390701C66}.TestRelease|Any CPU.ActiveCfg = TestRelease|Any CPU
		{E54A562C-09E4-4A80-8B54-B88390701C66}.TestRelease|Any CPU.Build.0 = TestRelease|Any CPU
		{39E5A208-023D-438F-9AD5-4C1DA2CB6F71}.Debug|Any CPU.ActiveCfg = Debug|Any CPU
		{39E5A208-023D-438F-9AD5-4C1DA2CB6F71}.Debug|Any CPU.Build.0 = Debug|Any CPU
		{39E5A208-023D-438F-9AD5-4C1DA2CB6F71}.DevFix|Any CPU.ActiveCfg = DevFix|Any CPU
		{39E5A208-023D-438F-9AD5-4C1DA2CB6F71}.DevFix|Any CPU.Build.0 = DevFix|Any CPU
		{39E5A208-023D-438F-9AD5-4C1DA2CB6F71}.DevRelease|Any CPU.ActiveCfg = DevRelease|Any CPU
		{39E5A208-023D-438F-9AD5-4C1DA2CB6F71}.DevRelease|Any CPU.Build.0 = DevRelease|Any CPU
		{39E5A208-023D-438F-9AD5-4C1DA2CB6F71}.Integration|Any CPU.ActiveCfg = Integration|Any CPU
		{39E5A208-023D-438F-9AD5-4C1DA2CB6F71}.Integration|Any CPU.Build.0 = Integration|Any CPU
		{39E5A208-023D-438F-9AD5-4C1DA2CB6F71}.Release|Any CPU.ActiveCfg = Release|Any CPU
		{39E5A208-023D-438F-9AD5-4C1DA2CB6F71}.Release|Any CPU.Build.0 = Release|Any CPU
		{39E5A208-023D-438F-9AD5-4C1DA2CB6F71}.TestFix|Any CPU.ActiveCfg = TestFix|Any CPU
		{39E5A208-023D-438F-9AD5-4C1DA2CB6F71}.TestFix|Any CPU.Build.0 = TestFix|Any CPU
		{39E5A208-023D-438F-9AD5-4C1DA2CB6F71}.TestRelease|Any CPU.ActiveCfg = TestRelease|Any CPU
		{39E5A208-023D-438F-9AD5-4C1DA2CB6F71}.TestRelease|Any CPU.Build.0 = TestRelease|Any CPU
		{6DEFA112-30FE-4787-A124-C58E9A5C237C}.Debug|Any CPU.ActiveCfg = Debug|Any CPU
		{6DEFA112-30FE-4787-A124-C58E9A5C237C}.Debug|Any CPU.Build.0 = Debug|Any CPU
		{6DEFA112-30FE-4787-A124-C58E9A5C237C}.DevFix|Any CPU.ActiveCfg = DevFix|Any CPU
		{6DEFA112-30FE-4787-A124-C58E9A5C237C}.DevFix|Any CPU.Build.0 = DevFix|Any CPU
		{6DEFA112-30FE-4787-A124-C58E9A5C237C}.DevRelease|Any CPU.ActiveCfg = DevRelease|Any CPU
		{6DEFA112-30FE-4787-A124-C58E9A5C237C}.DevRelease|Any CPU.Build.0 = DevRelease|Any CPU
		{6DEFA112-30FE-4787-A124-C58E9A5C237C}.Integration|Any CPU.ActiveCfg = Integration|Any CPU
		{6DEFA112-30FE-4787-A124-C58E9A5C237C}.Integration|Any CPU.Build.0 = Integration|Any CPU
		{6DEFA112-30FE-4787-A124-C58E9A5C237C}.Release|Any CPU.ActiveCfg = Release|Any CPU
		{6DEFA112-30FE-4787-A124-C58E9A5C237C}.Release|Any CPU.Build.0 = Release|Any CPU
		{6DEFA112-30FE-4787-A124-C58E9A5C237C}.TestFix|Any CPU.ActiveCfg = TestFix|Any CPU
		{6DEFA112-30FE-4787-A124-C58E9A5C237C}.TestFix|Any CPU.Build.0 = TestFix|Any CPU
		{6DEFA112-30FE-4787-A124-C58E9A5C237C}.TestRelease|Any CPU.ActiveCfg = TestRelease|Any CPU
		{6DEFA112-30FE-4787-A124-C58E9A5C237C}.TestRelease|Any CPU.Build.0 = TestRelease|Any CPU
		{BB29705F-9D12-4E71-85CE-5BE1D4AF6291}.Debug|Any CPU.ActiveCfg = Debug|Any CPU
		{BB29705F-9D12-4E71-85CE-5BE1D4AF6291}.Debug|Any CPU.Build.0 = Debug|Any CPU
		{BB29705F-9D12-4E71-85CE-5BE1D4AF6291}.DevFix|Any CPU.ActiveCfg = DevFix|Any CPU
		{BB29705F-9D12-4E71-85CE-5BE1D4AF6291}.DevFix|Any CPU.Build.0 = DevFix|Any CPU
		{BB29705F-9D12-4E71-85CE-5BE1D4AF6291}.DevRelease|Any CPU.ActiveCfg = DevRelease|Any CPU
		{BB29705F-9D12-4E71-85CE-5BE1D4AF6291}.DevRelease|Any CPU.Build.0 = DevRelease|Any CPU
		{BB29705F-9D12-4E71-85CE-5BE1D4AF6291}.Integration|Any CPU.ActiveCfg = Integration|Any CPU
		{BB29705F-9D12-4E71-85CE-5BE1D4AF6291}.Integration|Any CPU.Build.0 = Integration|Any CPU
		{BB29705F-9D12-4E71-85CE-5BE1D4AF6291}.Release|Any CPU.ActiveCfg = Release|Any CPU
		{BB29705F-9D12-4E71-85CE-5BE1D4AF6291}.Release|Any CPU.Build.0 = Release|Any CPU
		{BB29705F-9D12-4E71-85CE-5BE1D4AF6291}.TestFix|Any CPU.ActiveCfg = TestFix|Any CPU
		{BB29705F-9D12-4E71-85CE-5BE1D4AF6291}.TestFix|Any CPU.Build.0 = TestFix|Any CPU
		{BB29705F-9D12-4E71-85CE-5BE1D4AF6291}.TestRelease|Any CPU.ActiveCfg = TestRelease|Any CPU
		{BB29705F-9D12-4E71-85CE-5BE1D4AF6291}.TestRelease|Any CPU.Build.0 = TestRelease|Any CPU
		{48738AA7-C01E-4606-B96D-ABB70DBA3995}.Debug|Any CPU.ActiveCfg = Debug|Any CPU
		{48738AA7-C01E-4606-B96D-ABB70DBA3995}.Debug|Any CPU.Build.0 = Debug|Any CPU
		{48738AA7-C01E-4606-B96D-ABB70DBA3995}.DevFix|Any CPU.ActiveCfg = DevFix|Any CPU
		{48738AA7-C01E-4606-B96D-ABB70DBA3995}.DevFix|Any CPU.Build.0 = DevFix|Any CPU
		{48738AA7-C01E-4606-B96D-ABB70DBA3995}.DevRelease|Any CPU.ActiveCfg = DevRelease|Any CPU
		{48738AA7-C01E-4606-B96D-ABB70DBA3995}.DevRelease|Any CPU.Build.0 = DevRelease|Any CPU
		{48738AA7-C01E-4606-B96D-ABB70DBA3995}.Integration|Any CPU.ActiveCfg = Integration|Any CPU
		{48738AA7-C01E-4606-B96D-ABB70DBA3995}.Integration|Any CPU.Build.0 = Integration|Any CPU
		{48738AA7-C01E-4606-B96D-ABB70DBA3995}.Release|Any CPU.ActiveCfg = Release|Any CPU
		{48738AA7-C01E-4606-B96D-ABB70DBA3995}.Release|Any CPU.Build.0 = Release|Any CPU
		{48738AA7-C01E-4606-B96D-ABB70DBA3995}.TestFix|Any CPU.ActiveCfg = TestFix|Any CPU
		{48738AA7-C01E-4606-B96D-ABB70DBA3995}.TestFix|Any CPU.Build.0 = TestFix|Any CPU
		{48738AA7-C01E-4606-B96D-ABB70DBA3995}.TestRelease|Any CPU.ActiveCfg = TestRelease|Any CPU
		{48738AA7-C01E-4606-B96D-ABB70DBA3995}.TestRelease|Any CPU.Build.0 = TestRelease|Any CPU
		{C7AAADCF-A28F-4E9B-8F22-2D9B65E37254}.Debug|Any CPU.ActiveCfg = Debug|Any CPU
		{C7AAADCF-A28F-4E9B-8F22-2D9B65E37254}.Debug|Any CPU.Build.0 = Debug|Any CPU
		{C7AAADCF-A28F-4E9B-8F22-2D9B65E37254}.DevFix|Any CPU.ActiveCfg = DevFix|Any CPU
		{C7AAADCF-A28F-4E9B-8F22-2D9B65E37254}.DevFix|Any CPU.Build.0 = DevFix|Any CPU
		{C7AAADCF-A28F-4E9B-8F22-2D9B65E37254}.DevRelease|Any CPU.ActiveCfg = DevRelease|Any CPU
		{C7AAADCF-A28F-4E9B-8F22-2D9B65E37254}.DevRelease|Any CPU.Build.0 = DevRelease|Any CPU
		{C7AAADCF-A28F-4E9B-8F22-2D9B65E37254}.Integration|Any CPU.ActiveCfg = Integration|Any CPU
		{C7AAADCF-A28F-4E9B-8F22-2D9B65E37254}.Integration|Any CPU.Build.0 = Integration|Any CPU
		{C7AAADCF-A28F-4E9B-8F22-2D9B65E37254}.Release|Any CPU.ActiveCfg = Release|Any CPU
		{C7AAADCF-A28F-4E9B-8F22-2D9B65E37254}.Release|Any CPU.Build.0 = Release|Any CPU
		{C7AAADCF-A28F-4E9B-8F22-2D9B65E37254}.TestFix|Any CPU.ActiveCfg = TestFix|Any CPU
		{C7AAADCF-A28F-4E9B-8F22-2D9B65E37254}.TestFix|Any CPU.Build.0 = TestFix|Any CPU
		{C7AAADCF-A28F-4E9B-8F22-2D9B65E37254}.TestRelease|Any CPU.ActiveCfg = TestRelease|Any CPU
		{C7AAADCF-A28F-4E9B-8F22-2D9B65E37254}.TestRelease|Any CPU.Build.0 = TestRelease|Any CPU
		{F0942853-B43A-478E-A116-456ABAFC2DE5}.Debug|Any CPU.ActiveCfg = Debug|Any CPU
		{F0942853-B43A-478E-A116-456ABAFC2DE5}.Debug|Any CPU.Build.0 = Debug|Any CPU
		{F0942853-B43A-478E-A116-456ABAFC2DE5}.DevFix|Any CPU.ActiveCfg = DevFix|Any CPU
		{F0942853-B43A-478E-A116-456ABAFC2DE5}.DevFix|Any CPU.Build.0 = DevFix|Any CPU
		{F0942853-B43A-478E-A116-456ABAFC2DE5}.DevRelease|Any CPU.ActiveCfg = DevRelease|Any CPU
		{F0942853-B43A-478E-A116-456ABAFC2DE5}.DevRelease|Any CPU.Build.0 = DevRelease|Any CPU
		{F0942853-B43A-478E-A116-456ABAFC2DE5}.Integration|Any CPU.ActiveCfg = Integration|Any CPU
		{F0942853-B43A-478E-A116-456ABAFC2DE5}.Integration|Any CPU.Build.0 = Integration|Any CPU
		{F0942853-B43A-478E-A116-456ABAFC2DE5}.Release|Any CPU.ActiveCfg = Release|Any CPU
		{F0942853-B43A-478E-A116-456ABAFC2DE5}.Release|Any CPU.Build.0 = Release|Any CPU
		{F0942853-B43A-478E-A116-456ABAFC2DE5}.TestFix|Any CPU.ActiveCfg = TestFix|Any CPU
		{F0942853-B43A-478E-A116-456ABAFC2DE5}.TestFix|Any CPU.Build.0 = TestFix|Any CPU
		{F0942853-B43A-478E-A116-456ABAFC2DE5}.TestRelease|Any CPU.ActiveCfg = TestRelease|Any CPU
		{F0942853-B43A-478E-A116-456ABAFC2DE5}.TestRelease|Any CPU.Build.0 = TestRelease|Any CPU
		{1D4513AE-7EAA-40F7-B71E-66990C0BE81B}.Debug|Any CPU.ActiveCfg = Debug|Any CPU
		{1D4513AE-7EAA-40F7-B71E-66990C0BE81B}.Debug|Any CPU.Build.0 = Debug|Any CPU
		{1D4513AE-7EAA-40F7-B71E-66990C0BE81B}.DevFix|Any CPU.ActiveCfg = DevFix|Any CPU
		{1D4513AE-7EAA-40F7-B71E-66990C0BE81B}.DevFix|Any CPU.Build.0 = DevFix|Any CPU
		{1D4513AE-7EAA-40F7-B71E-66990C0BE81B}.DevRelease|Any CPU.ActiveCfg = DevRelease|Any CPU
		{1D4513AE-7EAA-40F7-B71E-66990C0BE81B}.DevRelease|Any CPU.Build.0 = DevRelease|Any CPU
		{1D4513AE-7EAA-40F7-B71E-66990C0BE81B}.Integration|Any CPU.ActiveCfg = Integration|Any CPU
		{1D4513AE-7EAA-40F7-B71E-66990C0BE81B}.Integration|Any CPU.Build.0 = Integration|Any CPU
		{1D4513AE-7EAA-40F7-B71E-66990C0BE81B}.Release|Any CPU.ActiveCfg = Release|Any CPU
		{1D4513AE-7EAA-40F7-B71E-66990C0BE81B}.Release|Any CPU.Build.0 = Release|Any CPU
		{1D4513AE-7EAA-40F7-B71E-66990C0BE81B}.TestFix|Any CPU.ActiveCfg = TestFix|Any CPU
		{1D4513AE-7EAA-40F7-B71E-66990C0BE81B}.TestFix|Any CPU.Build.0 = TestFix|Any CPU
		{1D4513AE-7EAA-40F7-B71E-66990C0BE81B}.TestRelease|Any CPU.ActiveCfg = TestRelease|Any CPU
		{1D4513AE-7EAA-40F7-B71E-66990C0BE81B}.TestRelease|Any CPU.Build.0 = TestRelease|Any CPU
		{11CD1BB6-B6E8-405F-AC5D-46781D28B9A4}.Debug|Any CPU.ActiveCfg = Debug|Any CPU
		{11CD1BB6-B6E8-405F-AC5D-46781D28B9A4}.Debug|Any CPU.Build.0 = Debug|Any CPU
		{11CD1BB6-B6E8-405F-AC5D-46781D28B9A4}.DevFix|Any CPU.ActiveCfg = DevFix|Any CPU
		{11CD1BB6-B6E8-405F-AC5D-46781D28B9A4}.DevFix|Any CPU.Build.0 = DevFix|Any CPU
		{11CD1BB6-B6E8-405F-AC5D-46781D28B9A4}.DevRelease|Any CPU.ActiveCfg = DevRelease|Any CPU
		{11CD1BB6-B6E8-405F-AC5D-46781D28B9A4}.DevRelease|Any CPU.Build.0 = DevRelease|Any CPU
		{11CD1BB6-B6E8-405F-AC5D-46781D28B9A4}.Integration|Any CPU.ActiveCfg = Integration|Any CPU
		{11CD1BB6-B6E8-405F-AC5D-46781D28B9A4}.Integration|Any CPU.Build.0 = Integration|Any CPU
		{11CD1BB6-B6E8-405F-AC5D-46781D28B9A4}.Release|Any CPU.ActiveCfg = Release|Any CPU
		{11CD1BB6-B6E8-405F-AC5D-46781D28B9A4}.Release|Any CPU.Build.0 = Release|Any CPU
		{11CD1BB6-B6E8-405F-AC5D-46781D28B9A4}.TestFix|Any CPU.ActiveCfg = TestFix|Any CPU
		{11CD1BB6-B6E8-405F-AC5D-46781D28B9A4}.TestFix|Any CPU.Build.0 = TestFix|Any CPU
		{11CD1BB6-B6E8-405F-AC5D-46781D28B9A4}.TestRelease|Any CPU.ActiveCfg = TestRelease|Any CPU
		{11CD1BB6-B6E8-405F-AC5D-46781D28B9A4}.TestRelease|Any CPU.Build.0 = TestRelease|Any CPU
		{65859A38-A445-4B9F-B7E1-252F6A1AB450}.Debug|Any CPU.ActiveCfg = Debug|Any CPU
		{65859A38-A445-4B9F-B7E1-252F6A1AB450}.Debug|Any CPU.Build.0 = Debug|Any CPU
		{65859A38-A445-4B9F-B7E1-252F6A1AB450}.DevFix|Any CPU.ActiveCfg = Debug|Any CPU
		{65859A38-A445-4B9F-B7E1-252F6A1AB450}.DevFix|Any CPU.Build.0 = Debug|Any CPU
		{65859A38-A445-4B9F-B7E1-252F6A1AB450}.DevRelease|Any CPU.ActiveCfg = Release|Any CPU
		{65859A38-A445-4B9F-B7E1-252F6A1AB450}.DevRelease|Any CPU.Build.0 = Release|Any CPU
		{65859A38-A445-4B9F-B7E1-252F6A1AB450}.Integration|Any CPU.ActiveCfg = Release|Any CPU
		{65859A38-A445-4B9F-B7E1-252F6A1AB450}.Integration|Any CPU.Build.0 = Release|Any CPU
		{65859A38-A445-4B9F-B7E1-252F6A1AB450}.Release|Any CPU.ActiveCfg = Release|Any CPU
		{65859A38-A445-4B9F-B7E1-252F6A1AB450}.Release|Any CPU.Build.0 = Release|Any CPU
		{65859A38-A445-4B9F-B7E1-252F6A1AB450}.TestFix|Any CPU.ActiveCfg = Release|Any CPU
		{65859A38-A445-4B9F-B7E1-252F6A1AB450}.TestFix|Any CPU.Build.0 = Release|Any CPU
		{65859A38-A445-4B9F-B7E1-252F6A1AB450}.TestRelease|Any CPU.ActiveCfg = Release|Any CPU
		{65859A38-A445-4B9F-B7E1-252F6A1AB450}.TestRelease|Any CPU.Build.0 = Release|Any CPU
		{CFBE7A2A-90F2-46DD-9FB9-86D60463CE1B}.Debug|Any CPU.ActiveCfg = Debug|Any CPU
		{CFBE7A2A-90F2-46DD-9FB9-86D60463CE1B}.Debug|Any CPU.Build.0 = Debug|Any CPU
		{CFBE7A2A-90F2-46DD-9FB9-86D60463CE1B}.DevFix|Any CPU.ActiveCfg = Debug|Any CPU
		{CFBE7A2A-90F2-46DD-9FB9-86D60463CE1B}.DevFix|Any CPU.Build.0 = Debug|Any CPU
		{CFBE7A2A-90F2-46DD-9FB9-86D60463CE1B}.DevRelease|Any CPU.ActiveCfg = Release|Any CPU
		{CFBE7A2A-90F2-46DD-9FB9-86D60463CE1B}.DevRelease|Any CPU.Build.0 = Release|Any CPU
		{CFBE7A2A-90F2-46DD-9FB9-86D60463CE1B}.Integration|Any CPU.ActiveCfg = Release|Any CPU
		{CFBE7A2A-90F2-46DD-9FB9-86D60463CE1B}.Integration|Any CPU.Build.0 = Release|Any CPU
		{CFBE7A2A-90F2-46DD-9FB9-86D60463CE1B}.Release|Any CPU.ActiveCfg = Release|Any CPU
		{CFBE7A2A-90F2-46DD-9FB9-86D60463CE1B}.Release|Any CPU.Build.0 = Release|Any CPU
		{CFBE7A2A-90F2-46DD-9FB9-86D60463CE1B}.TestFix|Any CPU.ActiveCfg = Release|Any CPU
		{CFBE7A2A-90F2-46DD-9FB9-86D60463CE1B}.TestFix|Any CPU.Build.0 = Release|Any CPU
		{CFBE7A2A-90F2-46DD-9FB9-86D60463CE1B}.TestRelease|Any CPU.ActiveCfg = Release|Any CPU
		{CFBE7A2A-90F2-46DD-9FB9-86D60463CE1B}.TestRelease|Any CPU.Build.0 = Release|Any CPU
		{7E1F5216-EF6D-46F2-AD0F-785418FD174B}.Debug|Any CPU.ActiveCfg = Debug|Any CPU
		{7E1F5216-EF6D-46F2-AD0F-785418FD174B}.Debug|Any CPU.Build.0 = Debug|Any CPU
		{7E1F5216-EF6D-46F2-AD0F-785418FD174B}.DevFix|Any CPU.ActiveCfg = Debug|Any CPU
		{7E1F5216-EF6D-46F2-AD0F-785418FD174B}.DevFix|Any CPU.Build.0 = Debug|Any CPU
		{7E1F5216-EF6D-46F2-AD0F-785418FD174B}.DevRelease|Any CPU.ActiveCfg = Release|Any CPU
		{7E1F5216-EF6D-46F2-AD0F-785418FD174B}.DevRelease|Any CPU.Build.0 = Release|Any CPU
		{7E1F5216-EF6D-46F2-AD0F-785418FD174B}.Integration|Any CPU.ActiveCfg = Release|Any CPU
		{7E1F5216-EF6D-46F2-AD0F-785418FD174B}.Integration|Any CPU.Build.0 = Release|Any CPU
		{7E1F5216-EF6D-46F2-AD0F-785418FD174B}.Release|Any CPU.ActiveCfg = Release|Any CPU
		{7E1F5216-EF6D-46F2-AD0F-785418FD174B}.Release|Any CPU.Build.0 = Release|Any CPU
		{7E1F5216-EF6D-46F2-AD0F-785418FD174B}.TestFix|Any CPU.ActiveCfg = Release|Any CPU
		{7E1F5216-EF6D-46F2-AD0F-785418FD174B}.TestFix|Any CPU.Build.0 = Release|Any CPU
		{7E1F5216-EF6D-46F2-AD0F-785418FD174B}.TestRelease|Any CPU.ActiveCfg = Release|Any CPU
		{7E1F5216-EF6D-46F2-AD0F-785418FD174B}.TestRelease|Any CPU.Build.0 = Release|Any CPU
		{D3CED39F-C026-48F2-AFE3-D31E4639F13D}.Debug|Any CPU.ActiveCfg = Debug|Any CPU
		{D3CED39F-C026-48F2-AFE3-D31E4639F13D}.Debug|Any CPU.Build.0 = Debug|Any CPU
		{D3CED39F-C026-48F2-AFE3-D31E4639F13D}.DevFix|Any CPU.ActiveCfg = Debug|Any CPU
		{D3CED39F-C026-48F2-AFE3-D31E4639F13D}.DevFix|Any CPU.Build.0 = Debug|Any CPU
		{D3CED39F-C026-48F2-AFE3-D31E4639F13D}.DevRelease|Any CPU.ActiveCfg = Release|Any CPU
		{D3CED39F-C026-48F2-AFE3-D31E4639F13D}.DevRelease|Any CPU.Build.0 = Release|Any CPU
		{D3CED39F-C026-48F2-AFE3-D31E4639F13D}.Integration|Any CPU.ActiveCfg = Release|Any CPU
		{D3CED39F-C026-48F2-AFE3-D31E4639F13D}.Integration|Any CPU.Build.0 = Release|Any CPU
		{D3CED39F-C026-48F2-AFE3-D31E4639F13D}.Release|Any CPU.ActiveCfg = Release|Any CPU
		{D3CED39F-C026-48F2-AFE3-D31E4639F13D}.Release|Any CPU.Build.0 = Release|Any CPU
		{D3CED39F-C026-48F2-AFE3-D31E4639F13D}.TestFix|Any CPU.ActiveCfg = Release|Any CPU
		{D3CED39F-C026-48F2-AFE3-D31E4639F13D}.TestFix|Any CPU.Build.0 = Release|Any CPU
		{D3CED39F-C026-48F2-AFE3-D31E4639F13D}.TestRelease|Any CPU.ActiveCfg = Release|Any CPU
		{D3CED39F-C026-48F2-AFE3-D31E4639F13D}.TestRelease|Any CPU.Build.0 = Release|Any CPU
		{E4D63420-E77A-4ACD-B461-4F3662F35F09}.Debug|Any CPU.ActiveCfg = Debug|Any CPU
		{E4D63420-E77A-4ACD-B461-4F3662F35F09}.Debug|Any CPU.Build.0 = Debug|Any CPU
		{E4D63420-E77A-4ACD-B461-4F3662F35F09}.DevFix|Any CPU.ActiveCfg = Debug|Any CPU
		{E4D63420-E77A-4ACD-B461-4F3662F35F09}.DevFix|Any CPU.Build.0 = Debug|Any CPU
		{E4D63420-E77A-4ACD-B461-4F3662F35F09}.DevRelease|Any CPU.ActiveCfg = Release|Any CPU
		{E4D63420-E77A-4ACD-B461-4F3662F35F09}.DevRelease|Any CPU.Build.0 = Release|Any CPU
		{E4D63420-E77A-4ACD-B461-4F3662F35F09}.Integration|Any CPU.ActiveCfg = Release|Any CPU
		{E4D63420-E77A-4ACD-B461-4F3662F35F09}.Integration|Any CPU.Build.0 = Release|Any CPU
		{E4D63420-E77A-4ACD-B461-4F3662F35F09}.Release|Any CPU.ActiveCfg = Release|Any CPU
		{E4D63420-E77A-4ACD-B461-4F3662F35F09}.Release|Any CPU.Build.0 = Release|Any CPU
		{E4D63420-E77A-4ACD-B461-4F3662F35F09}.TestFix|Any CPU.ActiveCfg = Release|Any CPU
		{E4D63420-E77A-4ACD-B461-4F3662F35F09}.TestFix|Any CPU.Build.0 = Release|Any CPU
		{E4D63420-E77A-4ACD-B461-4F3662F35F09}.TestRelease|Any CPU.ActiveCfg = Release|Any CPU
		{E4D63420-E77A-4ACD-B461-4F3662F35F09}.TestRelease|Any CPU.Build.0 = Release|Any CPU
		{310DE286-3C89-4304-9950-22C140178F9A}.Debug|Any CPU.ActiveCfg = Debug|Any CPU
		{310DE286-3C89-4304-9950-22C140178F9A}.Debug|Any CPU.Build.0 = Debug|Any CPU
		{310DE286-3C89-4304-9950-22C140178F9A}.DevFix|Any CPU.ActiveCfg = Debug|Any CPU
		{310DE286-3C89-4304-9950-22C140178F9A}.DevFix|Any CPU.Build.0 = Debug|Any CPU
		{310DE286-3C89-4304-9950-22C140178F9A}.DevRelease|Any CPU.ActiveCfg = Release|Any CPU
		{310DE286-3C89-4304-9950-22C140178F9A}.DevRelease|Any CPU.Build.0 = Release|Any CPU
		{310DE286-3C89-4304-9950-22C140178F9A}.Integration|Any CPU.ActiveCfg = Release|Any CPU
		{310DE286-3C89-4304-9950-22C140178F9A}.Integration|Any CPU.Build.0 = Release|Any CPU
		{310DE286-3C89-4304-9950-22C140178F9A}.Release|Any CPU.ActiveCfg = Release|Any CPU
		{310DE286-3C89-4304-9950-22C140178F9A}.Release|Any CPU.Build.0 = Release|Any CPU
		{310DE286-3C89-4304-9950-22C140178F9A}.TestFix|Any CPU.ActiveCfg = Release|Any CPU
		{310DE286-3C89-4304-9950-22C140178F9A}.TestFix|Any CPU.Build.0 = Release|Any CPU
		{310DE286-3C89-4304-9950-22C140178F9A}.TestRelease|Any CPU.ActiveCfg = Release|Any CPU
		{310DE286-3C89-4304-9950-22C140178F9A}.TestRelease|Any CPU.Build.0 = Release|Any CPU
		{8187B152-FE01-452B-BE91-2C280A391B13}.Debug|Any CPU.ActiveCfg = Debug|Any CPU
		{8187B152-FE01-452B-BE91-2C280A391B13}.Debug|Any CPU.Build.0 = Debug|Any CPU
		{8187B152-FE01-452B-BE91-2C280A391B13}.DevFix|Any CPU.ActiveCfg = Debug|Any CPU
		{8187B152-FE01-452B-BE91-2C280A391B13}.DevFix|Any CPU.Build.0 = Debug|Any CPU
		{8187B152-FE01-452B-BE91-2C280A391B13}.DevRelease|Any CPU.ActiveCfg = Release|Any CPU
		{8187B152-FE01-452B-BE91-2C280A391B13}.DevRelease|Any CPU.Build.0 = Release|Any CPU
		{8187B152-FE01-452B-BE91-2C280A391B13}.Integration|Any CPU.ActiveCfg = Release|Any CPU
		{8187B152-FE01-452B-BE91-2C280A391B13}.Integration|Any CPU.Build.0 = Release|Any CPU
		{8187B152-FE01-452B-BE91-2C280A391B13}.Release|Any CPU.ActiveCfg = Release|Any CPU
		{8187B152-FE01-452B-BE91-2C280A391B13}.Release|Any CPU.Build.0 = Release|Any CPU
		{8187B152-FE01-452B-BE91-2C280A391B13}.TestFix|Any CPU.ActiveCfg = Release|Any CPU
		{8187B152-FE01-452B-BE91-2C280A391B13}.TestFix|Any CPU.Build.0 = Release|Any CPU
		{8187B152-FE01-452B-BE91-2C280A391B13}.TestRelease|Any CPU.ActiveCfg = Release|Any CPU
		{8187B152-FE01-452B-BE91-2C280A391B13}.TestRelease|Any CPU.Build.0 = Release|Any CPU
		{016194F6-7676-4EB3-A7C7-BA68B531D3DD}.Debug|Any CPU.ActiveCfg = Debug|Any CPU
		{016194F6-7676-4EB3-A7C7-BA68B531D3DD}.Debug|Any CPU.Build.0 = Debug|Any CPU
		{016194F6-7676-4EB3-A7C7-BA68B531D3DD}.DevFix|Any CPU.ActiveCfg = Debug|Any CPU
		{016194F6-7676-4EB3-A7C7-BA68B531D3DD}.DevFix|Any CPU.Build.0 = Debug|Any CPU
		{016194F6-7676-4EB3-A7C7-BA68B531D3DD}.DevRelease|Any CPU.ActiveCfg = Release|Any CPU
		{016194F6-7676-4EB3-A7C7-BA68B531D3DD}.DevRelease|Any CPU.Build.0 = Release|Any CPU
		{016194F6-7676-4EB3-A7C7-BA68B531D3DD}.Integration|Any CPU.ActiveCfg = Release|Any CPU
		{016194F6-7676-4EB3-A7C7-BA68B531D3DD}.Integration|Any CPU.Build.0 = Release|Any CPU
		{016194F6-7676-4EB3-A7C7-BA68B531D3DD}.Release|Any CPU.ActiveCfg = Release|Any CPU
		{016194F6-7676-4EB3-A7C7-BA68B531D3DD}.Release|Any CPU.Build.0 = Release|Any CPU
		{016194F6-7676-4EB3-A7C7-BA68B531D3DD}.TestFix|Any CPU.ActiveCfg = Release|Any CPU
		{016194F6-7676-4EB3-A7C7-BA68B531D3DD}.TestFix|Any CPU.Build.0 = Release|Any CPU
		{016194F6-7676-4EB3-A7C7-BA68B531D3DD}.TestRelease|Any CPU.ActiveCfg = Release|Any CPU
		{016194F6-7676-4EB3-A7C7-BA68B531D3DD}.TestRelease|Any CPU.Build.0 = Release|Any CPU
		{2C90BBCC-AA32-4D3F-A02E-3F2911466559}.Debug|Any CPU.ActiveCfg = Debug|Any CPU
		{2C90BBCC-AA32-4D3F-A02E-3F2911466559}.Debug|Any CPU.Build.0 = Debug|Any CPU
		{2C90BBCC-AA32-4D3F-A02E-3F2911466559}.DevFix|Any CPU.ActiveCfg = Debug|Any CPU
		{2C90BBCC-AA32-4D3F-A02E-3F2911466559}.DevFix|Any CPU.Build.0 = Debug|Any CPU
		{2C90BBCC-AA32-4D3F-A02E-3F2911466559}.DevRelease|Any CPU.ActiveCfg = Release|Any CPU
		{2C90BBCC-AA32-4D3F-A02E-3F2911466559}.DevRelease|Any CPU.Build.0 = Release|Any CPU
		{2C90BBCC-AA32-4D3F-A02E-3F2911466559}.Integration|Any CPU.ActiveCfg = Release|Any CPU
		{2C90BBCC-AA32-4D3F-A02E-3F2911466559}.Integration|Any CPU.Build.0 = Release|Any CPU
		{2C90BBCC-AA32-4D3F-A02E-3F2911466559}.Release|Any CPU.ActiveCfg = Release|Any CPU
		{2C90BBCC-AA32-4D3F-A02E-3F2911466559}.Release|Any CPU.Build.0 = Release|Any CPU
		{2C90BBCC-AA32-4D3F-A02E-3F2911466559}.TestFix|Any CPU.ActiveCfg = Release|Any CPU
		{2C90BBCC-AA32-4D3F-A02E-3F2911466559}.TestFix|Any CPU.Build.0 = Release|Any CPU
		{2C90BBCC-AA32-4D3F-A02E-3F2911466559}.TestRelease|Any CPU.ActiveCfg = Release|Any CPU
		{2C90BBCC-AA32-4D3F-A02E-3F2911466559}.TestRelease|Any CPU.Build.0 = Release|Any CPU
		{892EF8C2-68BF-4B6D-B798-63BE5901426E}.Debug|Any CPU.ActiveCfg = Debug|Any CPU
		{892EF8C2-68BF-4B6D-B798-63BE5901426E}.Debug|Any CPU.Build.0 = Debug|Any CPU
		{892EF8C2-68BF-4B6D-B798-63BE5901426E}.DevFix|Any CPU.ActiveCfg = Debug|Any CPU
		{892EF8C2-68BF-4B6D-B798-63BE5901426E}.DevFix|Any CPU.Build.0 = Debug|Any CPU
		{892EF8C2-68BF-4B6D-B798-63BE5901426E}.DevRelease|Any CPU.ActiveCfg = Release|Any CPU
		{892EF8C2-68BF-4B6D-B798-63BE5901426E}.DevRelease|Any CPU.Build.0 = Release|Any CPU
		{892EF8C2-68BF-4B6D-B798-63BE5901426E}.Integration|Any CPU.ActiveCfg = Release|Any CPU
		{892EF8C2-68BF-4B6D-B798-63BE5901426E}.Integration|Any CPU.Build.0 = Release|Any CPU
		{892EF8C2-68BF-4B6D-B798-63BE5901426E}.Release|Any CPU.ActiveCfg = Release|Any CPU
		{892EF8C2-68BF-4B6D-B798-63BE5901426E}.Release|Any CPU.Build.0 = Release|Any CPU
		{892EF8C2-68BF-4B6D-B798-63BE5901426E}.TestFix|Any CPU.ActiveCfg = Release|Any CPU
		{892EF8C2-68BF-4B6D-B798-63BE5901426E}.TestFix|Any CPU.Build.0 = Release|Any CPU
		{892EF8C2-68BF-4B6D-B798-63BE5901426E}.TestRelease|Any CPU.ActiveCfg = Release|Any CPU
		{892EF8C2-68BF-4B6D-B798-63BE5901426E}.TestRelease|Any CPU.Build.0 = Release|Any CPU
		{21997327-5228-4FF3-BCC1-242FAF3504E3}.Debug|Any CPU.ActiveCfg = Debug|Any CPU
		{21997327-5228-4FF3-BCC1-242FAF3504E3}.Debug|Any CPU.Build.0 = Debug|Any CPU
		{21997327-5228-4FF3-BCC1-242FAF3504E3}.DevFix|Any CPU.ActiveCfg = Debug|Any CPU
		{21997327-5228-4FF3-BCC1-242FAF3504E3}.DevFix|Any CPU.Build.0 = Debug|Any CPU
		{21997327-5228-4FF3-BCC1-242FAF3504E3}.DevRelease|Any CPU.ActiveCfg = Release|Any CPU
		{21997327-5228-4FF3-BCC1-242FAF3504E3}.DevRelease|Any CPU.Build.0 = Release|Any CPU
		{21997327-5228-4FF3-BCC1-242FAF3504E3}.Integration|Any CPU.ActiveCfg = Release|Any CPU
		{21997327-5228-4FF3-BCC1-242FAF3504E3}.Integration|Any CPU.Build.0 = Release|Any CPU
		{21997327-5228-4FF3-BCC1-242FAF3504E3}.Release|Any CPU.ActiveCfg = Release|Any CPU
		{21997327-5228-4FF3-BCC1-242FAF3504E3}.Release|Any CPU.Build.0 = Release|Any CPU
		{21997327-5228-4FF3-BCC1-242FAF3504E3}.TestFix|Any CPU.ActiveCfg = Release|Any CPU
		{21997327-5228-4FF3-BCC1-242FAF3504E3}.TestFix|Any CPU.Build.0 = Release|Any CPU
		{21997327-5228-4FF3-BCC1-242FAF3504E3}.TestRelease|Any CPU.ActiveCfg = Release|Any CPU
		{21997327-5228-4FF3-BCC1-242FAF3504E3}.TestRelease|Any CPU.Build.0 = Release|Any CPU
		{99A489DE-BAED-42B5-83C5-ED5898ABFBC9}.Debug|Any CPU.ActiveCfg = Debug|Any CPU
		{99A489DE-BAED-42B5-83C5-ED5898ABFBC9}.Debug|Any CPU.Build.0 = Debug|Any CPU
		{99A489DE-BAED-42B5-83C5-ED5898ABFBC9}.DevFix|Any CPU.ActiveCfg = Debug|Any CPU
		{99A489DE-BAED-42B5-83C5-ED5898ABFBC9}.DevFix|Any CPU.Build.0 = Debug|Any CPU
		{99A489DE-BAED-42B5-83C5-ED5898ABFBC9}.DevRelease|Any CPU.ActiveCfg = Release|Any CPU
		{99A489DE-BAED-42B5-83C5-ED5898ABFBC9}.DevRelease|Any CPU.Build.0 = Release|Any CPU
		{99A489DE-BAED-42B5-83C5-ED5898ABFBC9}.Integration|Any CPU.ActiveCfg = Release|Any CPU
		{99A489DE-BAED-42B5-83C5-ED5898ABFBC9}.Integration|Any CPU.Build.0 = Release|Any CPU
		{99A489DE-BAED-42B5-83C5-ED5898ABFBC9}.Release|Any CPU.ActiveCfg = Release|Any CPU
		{99A489DE-BAED-42B5-83C5-ED5898ABFBC9}.Release|Any CPU.Build.0 = Release|Any CPU
		{99A489DE-BAED-42B5-83C5-ED5898ABFBC9}.TestFix|Any CPU.ActiveCfg = Release|Any CPU
		{99A489DE-BAED-42B5-83C5-ED5898ABFBC9}.TestFix|Any CPU.Build.0 = Release|Any CPU
		{99A489DE-BAED-42B5-83C5-ED5898ABFBC9}.TestRelease|Any CPU.ActiveCfg = Release|Any CPU
		{99A489DE-BAED-42B5-83C5-ED5898ABFBC9}.TestRelease|Any CPU.Build.0 = Release|Any CPU
		{5FD4968F-2A22-4E10-8EB6-AF75998F7734}.Debug|Any CPU.ActiveCfg = Debug|Any CPU
		{5FD4968F-2A22-4E10-8EB6-AF75998F7734}.Debug|Any CPU.Build.0 = Debug|Any CPU
		{5FD4968F-2A22-4E10-8EB6-AF75998F7734}.DevFix|Any CPU.ActiveCfg = Debug|Any CPU
		{5FD4968F-2A22-4E10-8EB6-AF75998F7734}.DevFix|Any CPU.Build.0 = Debug|Any CPU
		{5FD4968F-2A22-4E10-8EB6-AF75998F7734}.DevRelease|Any CPU.ActiveCfg = Release|Any CPU
		{5FD4968F-2A22-4E10-8EB6-AF75998F7734}.DevRelease|Any CPU.Build.0 = Release|Any CPU
		{5FD4968F-2A22-4E10-8EB6-AF75998F7734}.Integration|Any CPU.ActiveCfg = Release|Any CPU
		{5FD4968F-2A22-4E10-8EB6-AF75998F7734}.Integration|Any CPU.Build.0 = Release|Any CPU
		{5FD4968F-2A22-4E10-8EB6-AF75998F7734}.Release|Any CPU.ActiveCfg = Release|Any CPU
		{5FD4968F-2A22-4E10-8EB6-AF75998F7734}.Release|Any CPU.Build.0 = Release|Any CPU
		{5FD4968F-2A22-4E10-8EB6-AF75998F7734}.TestFix|Any CPU.ActiveCfg = Release|Any CPU
		{5FD4968F-2A22-4E10-8EB6-AF75998F7734}.TestFix|Any CPU.Build.0 = Release|Any CPU
		{5FD4968F-2A22-4E10-8EB6-AF75998F7734}.TestRelease|Any CPU.ActiveCfg = Release|Any CPU
		{5FD4968F-2A22-4E10-8EB6-AF75998F7734}.TestRelease|Any CPU.Build.0 = Release|Any CPU
		{EEF2F635-2F9E-41CD-9171-7647701C0935}.Debug|Any CPU.ActiveCfg = Debug|Any CPU
		{EEF2F635-2F9E-41CD-9171-7647701C0935}.Debug|Any CPU.Build.0 = Debug|Any CPU
		{EEF2F635-2F9E-41CD-9171-7647701C0935}.DevFix|Any CPU.ActiveCfg = Debug|Any CPU
		{EEF2F635-2F9E-41CD-9171-7647701C0935}.DevFix|Any CPU.Build.0 = Debug|Any CPU
		{EEF2F635-2F9E-41CD-9171-7647701C0935}.DevRelease|Any CPU.ActiveCfg = Release|Any CPU
		{EEF2F635-2F9E-41CD-9171-7647701C0935}.DevRelease|Any CPU.Build.0 = Release|Any CPU
		{EEF2F635-2F9E-41CD-9171-7647701C0935}.Integration|Any CPU.ActiveCfg = Release|Any CPU
		{EEF2F635-2F9E-41CD-9171-7647701C0935}.Integration|Any CPU.Build.0 = Release|Any CPU
		{EEF2F635-2F9E-41CD-9171-7647701C0935}.Release|Any CPU.ActiveCfg = Release|Any CPU
		{EEF2F635-2F9E-41CD-9171-7647701C0935}.Release|Any CPU.Build.0 = Release|Any CPU
		{EEF2F635-2F9E-41CD-9171-7647701C0935}.TestFix|Any CPU.ActiveCfg = Release|Any CPU
		{EEF2F635-2F9E-41CD-9171-7647701C0935}.TestFix|Any CPU.Build.0 = Release|Any CPU
		{EEF2F635-2F9E-41CD-9171-7647701C0935}.TestRelease|Any CPU.ActiveCfg = Release|Any CPU
		{EEF2F635-2F9E-41CD-9171-7647701C0935}.TestRelease|Any CPU.Build.0 = Release|Any CPU
		{3D49484C-D664-4F75-BD7D-430D60F60ADD}.Debug|Any CPU.ActiveCfg = Debug|Any CPU
		{3D49484C-D664-4F75-BD7D-430D60F60ADD}.Debug|Any CPU.Build.0 = Debug|Any CPU
		{3D49484C-D664-4F75-BD7D-430D60F60ADD}.DevFix|Any CPU.ActiveCfg = Debug|Any CPU
		{3D49484C-D664-4F75-BD7D-430D60F60ADD}.DevFix|Any CPU.Build.0 = Debug|Any CPU
		{3D49484C-D664-4F75-BD7D-430D60F60ADD}.DevRelease|Any CPU.ActiveCfg = Release|Any CPU
		{3D49484C-D664-4F75-BD7D-430D60F60ADD}.DevRelease|Any CPU.Build.0 = Release|Any CPU
		{3D49484C-D664-4F75-BD7D-430D60F60ADD}.Integration|Any CPU.ActiveCfg = Release|Any CPU
		{3D49484C-D664-4F75-BD7D-430D60F60ADD}.Integration|Any CPU.Build.0 = Release|Any CPU
		{3D49484C-D664-4F75-BD7D-430D60F60ADD}.Release|Any CPU.ActiveCfg = Release|Any CPU
		{3D49484C-D664-4F75-BD7D-430D60F60ADD}.Release|Any CPU.Build.0 = Release|Any CPU
		{3D49484C-D664-4F75-BD7D-430D60F60ADD}.TestFix|Any CPU.ActiveCfg = Release|Any CPU
		{3D49484C-D664-4F75-BD7D-430D60F60ADD}.TestFix|Any CPU.Build.0 = Release|Any CPU
		{3D49484C-D664-4F75-BD7D-430D60F60ADD}.TestRelease|Any CPU.ActiveCfg = Release|Any CPU
		{3D49484C-D664-4F75-BD7D-430D60F60ADD}.TestRelease|Any CPU.Build.0 = Release|Any CPU
		{46EF72C6-FF77-4361-A0EA-DB3292D7C950}.Debug|Any CPU.ActiveCfg = Debug|Any CPU
		{46EF72C6-FF77-4361-A0EA-DB3292D7C950}.Debug|Any CPU.Build.0 = Debug|Any CPU
		{46EF72C6-FF77-4361-A0EA-DB3292D7C950}.DevFix|Any CPU.ActiveCfg = Debug|Any CPU
		{46EF72C6-FF77-4361-A0EA-DB3292D7C950}.DevFix|Any CPU.Build.0 = Debug|Any CPU
		{46EF72C6-FF77-4361-A0EA-DB3292D7C950}.DevRelease|Any CPU.ActiveCfg = Release|Any CPU
		{46EF72C6-FF77-4361-A0EA-DB3292D7C950}.DevRelease|Any CPU.Build.0 = Release|Any CPU
		{46EF72C6-FF77-4361-A0EA-DB3292D7C950}.Integration|Any CPU.ActiveCfg = Release|Any CPU
		{46EF72C6-FF77-4361-A0EA-DB3292D7C950}.Integration|Any CPU.Build.0 = Release|Any CPU
		{46EF72C6-FF77-4361-A0EA-DB3292D7C950}.Release|Any CPU.ActiveCfg = Release|Any CPU
		{46EF72C6-FF77-4361-A0EA-DB3292D7C950}.Release|Any CPU.Build.0 = Release|Any CPU
		{46EF72C6-FF77-4361-A0EA-DB3292D7C950}.TestFix|Any CPU.ActiveCfg = Release|Any CPU
		{46EF72C6-FF77-4361-A0EA-DB3292D7C950}.TestFix|Any CPU.Build.0 = Release|Any CPU
		{46EF72C6-FF77-4361-A0EA-DB3292D7C950}.TestRelease|Any CPU.ActiveCfg = Release|Any CPU
		{46EF72C6-FF77-4361-A0EA-DB3292D7C950}.TestRelease|Any CPU.Build.0 = Release|Any CPU
		{FF33F875-F33A-4274-A7F6-3A6CE540BF68}.Debug|Any CPU.ActiveCfg = Debug|Any CPU
		{FF33F875-F33A-4274-A7F6-3A6CE540BF68}.Debug|Any CPU.Build.0 = Debug|Any CPU
		{FF33F875-F33A-4274-A7F6-3A6CE540BF68}.DevFix|Any CPU.ActiveCfg = Debug|Any CPU
		{FF33F875-F33A-4274-A7F6-3A6CE540BF68}.DevFix|Any CPU.Build.0 = Debug|Any CPU
		{FF33F875-F33A-4274-A7F6-3A6CE540BF68}.DevRelease|Any CPU.ActiveCfg = Release|Any CPU
		{FF33F875-F33A-4274-A7F6-3A6CE540BF68}.DevRelease|Any CPU.Build.0 = Release|Any CPU
		{FF33F875-F33A-4274-A7F6-3A6CE540BF68}.Integration|Any CPU.ActiveCfg = Release|Any CPU
		{FF33F875-F33A-4274-A7F6-3A6CE540BF68}.Integration|Any CPU.Build.0 = Release|Any CPU
		{FF33F875-F33A-4274-A7F6-3A6CE540BF68}.Release|Any CPU.ActiveCfg = Release|Any CPU
		{FF33F875-F33A-4274-A7F6-3A6CE540BF68}.Release|Any CPU.Build.0 = Release|Any CPU
		{FF33F875-F33A-4274-A7F6-3A6CE540BF68}.TestFix|Any CPU.ActiveCfg = Release|Any CPU
		{FF33F875-F33A-4274-A7F6-3A6CE540BF68}.TestFix|Any CPU.Build.0 = Release|Any CPU
		{FF33F875-F33A-4274-A7F6-3A6CE540BF68}.TestRelease|Any CPU.ActiveCfg = Release|Any CPU
		{FF33F875-F33A-4274-A7F6-3A6CE540BF68}.TestRelease|Any CPU.Build.0 = Release|Any CPU
		{D84B47DC-3E34-467D-B4E2-80D655BB87A9}.Debug|Any CPU.ActiveCfg = Debug|Any CPU
		{D84B47DC-3E34-467D-B4E2-80D655BB87A9}.Debug|Any CPU.Build.0 = Debug|Any CPU
		{D84B47DC-3E34-467D-B4E2-80D655BB87A9}.DevFix|Any CPU.ActiveCfg = Debug|Any CPU
		{D84B47DC-3E34-467D-B4E2-80D655BB87A9}.DevFix|Any CPU.Build.0 = Debug|Any CPU
		{D84B47DC-3E34-467D-B4E2-80D655BB87A9}.DevRelease|Any CPU.ActiveCfg = Release|Any CPU
		{D84B47DC-3E34-467D-B4E2-80D655BB87A9}.DevRelease|Any CPU.Build.0 = Release|Any CPU
		{D84B47DC-3E34-467D-B4E2-80D655BB87A9}.Integration|Any CPU.ActiveCfg = Release|Any CPU
		{D84B47DC-3E34-467D-B4E2-80D655BB87A9}.Integration|Any CPU.Build.0 = Release|Any CPU
		{D84B47DC-3E34-467D-B4E2-80D655BB87A9}.Release|Any CPU.ActiveCfg = Release|Any CPU
		{D84B47DC-3E34-467D-B4E2-80D655BB87A9}.Release|Any CPU.Build.0 = Release|Any CPU
		{D84B47DC-3E34-467D-B4E2-80D655BB87A9}.TestFix|Any CPU.ActiveCfg = Release|Any CPU
		{D84B47DC-3E34-467D-B4E2-80D655BB87A9}.TestFix|Any CPU.Build.0 = Release|Any CPU
		{D84B47DC-3E34-467D-B4E2-80D655BB87A9}.TestRelease|Any CPU.ActiveCfg = Release|Any CPU
		{D84B47DC-3E34-467D-B4E2-80D655BB87A9}.TestRelease|Any CPU.Build.0 = Release|Any CPU
		{5777A0EA-8BED-4B1C-A7E3-E21266D3399B}.Debug|Any CPU.ActiveCfg = Debug|Any CPU
		{5777A0EA-8BED-4B1C-A7E3-E21266D3399B}.Debug|Any CPU.Build.0 = Debug|Any CPU
		{5777A0EA-8BED-4B1C-A7E3-E21266D3399B}.DevFix|Any CPU.ActiveCfg = Debug|Any CPU
		{5777A0EA-8BED-4B1C-A7E3-E21266D3399B}.DevFix|Any CPU.Build.0 = Debug|Any CPU
		{5777A0EA-8BED-4B1C-A7E3-E21266D3399B}.DevRelease|Any CPU.ActiveCfg = Release|Any CPU
		{5777A0EA-8BED-4B1C-A7E3-E21266D3399B}.DevRelease|Any CPU.Build.0 = Release|Any CPU
		{5777A0EA-8BED-4B1C-A7E3-E21266D3399B}.Integration|Any CPU.ActiveCfg = Release|Any CPU
		{5777A0EA-8BED-4B1C-A7E3-E21266D3399B}.Integration|Any CPU.Build.0 = Release|Any CPU
		{5777A0EA-8BED-4B1C-A7E3-E21266D3399B}.Release|Any CPU.ActiveCfg = Release|Any CPU
		{5777A0EA-8BED-4B1C-A7E3-E21266D3399B}.Release|Any CPU.Build.0 = Release|Any CPU
		{5777A0EA-8BED-4B1C-A7E3-E21266D3399B}.TestFix|Any CPU.ActiveCfg = Release|Any CPU
		{5777A0EA-8BED-4B1C-A7E3-E21266D3399B}.TestFix|Any CPU.Build.0 = Release|Any CPU
		{5777A0EA-8BED-4B1C-A7E3-E21266D3399B}.TestRelease|Any CPU.ActiveCfg = Release|Any CPU
		{5777A0EA-8BED-4B1C-A7E3-E21266D3399B}.TestRelease|Any CPU.Build.0 = Release|Any CPU
		{76087C66-0C19-4B97-B66F-F45F9A935461}.Debug|Any CPU.ActiveCfg = Debug|Any CPU
		{76087C66-0C19-4B97-B66F-F45F9A935461}.Debug|Any CPU.Build.0 = Debug|Any CPU
		{76087C66-0C19-4B97-B66F-F45F9A935461}.DevFix|Any CPU.ActiveCfg = Debug|Any CPU
		{76087C66-0C19-4B97-B66F-F45F9A935461}.DevFix|Any CPU.Build.0 = Debug|Any CPU
		{76087C66-0C19-4B97-B66F-F45F9A935461}.DevRelease|Any CPU.ActiveCfg = Release|Any CPU
		{76087C66-0C19-4B97-B66F-F45F9A935461}.DevRelease|Any CPU.Build.0 = Release|Any CPU
		{76087C66-0C19-4B97-B66F-F45F9A935461}.Integration|Any CPU.ActiveCfg = Release|Any CPU
		{76087C66-0C19-4B97-B66F-F45F9A935461}.Integration|Any CPU.Build.0 = Release|Any CPU
		{76087C66-0C19-4B97-B66F-F45F9A935461}.Release|Any CPU.ActiveCfg = Release|Any CPU
		{76087C66-0C19-4B97-B66F-F45F9A935461}.Release|Any CPU.Build.0 = Release|Any CPU
		{76087C66-0C19-4B97-B66F-F45F9A935461}.TestFix|Any CPU.ActiveCfg = Release|Any CPU
		{76087C66-0C19-4B97-B66F-F45F9A935461}.TestFix|Any CPU.Build.0 = Release|Any CPU
		{76087C66-0C19-4B97-B66F-F45F9A935461}.TestRelease|Any CPU.ActiveCfg = Release|Any CPU
		{76087C66-0C19-4B97-B66F-F45F9A935461}.TestRelease|Any CPU.Build.0 = Release|Any CPU
		{FCEF5117-2BFE-4BE9-8A0D-01EAF70FFEE4}.Debug|Any CPU.ActiveCfg = Debug|Any CPU
		{FCEF5117-2BFE-4BE9-8A0D-01EAF70FFEE4}.Debug|Any CPU.Build.0 = Debug|Any CPU
		{FCEF5117-2BFE-4BE9-8A0D-01EAF70FFEE4}.DevFix|Any CPU.ActiveCfg = Debug|Any CPU
		{FCEF5117-2BFE-4BE9-8A0D-01EAF70FFEE4}.DevFix|Any CPU.Build.0 = Debug|Any CPU
		{FCEF5117-2BFE-4BE9-8A0D-01EAF70FFEE4}.DevRelease|Any CPU.ActiveCfg = Release|Any CPU
		{FCEF5117-2BFE-4BE9-8A0D-01EAF70FFEE4}.DevRelease|Any CPU.Build.0 = Release|Any CPU
		{FCEF5117-2BFE-4BE9-8A0D-01EAF70FFEE4}.Integration|Any CPU.ActiveCfg = Release|Any CPU
		{FCEF5117-2BFE-4BE9-8A0D-01EAF70FFEE4}.Integration|Any CPU.Build.0 = Release|Any CPU
		{FCEF5117-2BFE-4BE9-8A0D-01EAF70FFEE4}.Release|Any CPU.ActiveCfg = Release|Any CPU
		{FCEF5117-2BFE-4BE9-8A0D-01EAF70FFEE4}.Release|Any CPU.Build.0 = Release|Any CPU
		{FCEF5117-2BFE-4BE9-8A0D-01EAF70FFEE4}.TestFix|Any CPU.ActiveCfg = Release|Any CPU
		{FCEF5117-2BFE-4BE9-8A0D-01EAF70FFEE4}.TestFix|Any CPU.Build.0 = Release|Any CPU
		{FCEF5117-2BFE-4BE9-8A0D-01EAF70FFEE4}.TestRelease|Any CPU.ActiveCfg = Release|Any CPU
		{FCEF5117-2BFE-4BE9-8A0D-01EAF70FFEE4}.TestRelease|Any CPU.Build.0 = Release|Any CPU
		{8CBBEBF9-CC48-4D5E-B407-5AE1E24188FC}.Debug|Any CPU.ActiveCfg = Debug|Any CPU
		{8CBBEBF9-CC48-4D5E-B407-5AE1E24188FC}.Debug|Any CPU.Build.0 = Debug|Any CPU
		{8CBBEBF9-CC48-4D5E-B407-5AE1E24188FC}.DevFix|Any CPU.ActiveCfg = Debug|Any CPU
		{8CBBEBF9-CC48-4D5E-B407-5AE1E24188FC}.DevFix|Any CPU.Build.0 = Debug|Any CPU
		{8CBBEBF9-CC48-4D5E-B407-5AE1E24188FC}.DevRelease|Any CPU.ActiveCfg = Release|Any CPU
		{8CBBEBF9-CC48-4D5E-B407-5AE1E24188FC}.DevRelease|Any CPU.Build.0 = Release|Any CPU
		{8CBBEBF9-CC48-4D5E-B407-5AE1E24188FC}.Integration|Any CPU.ActiveCfg = Release|Any CPU
		{8CBBEBF9-CC48-4D5E-B407-5AE1E24188FC}.Integration|Any CPU.Build.0 = Release|Any CPU
		{8CBBEBF9-CC48-4D5E-B407-5AE1E24188FC}.Release|Any CPU.ActiveCfg = Release|Any CPU
		{8CBBEBF9-CC48-4D5E-B407-5AE1E24188FC}.Release|Any CPU.Build.0 = Release|Any CPU
		{8CBBEBF9-CC48-4D5E-B407-5AE1E24188FC}.TestFix|Any CPU.ActiveCfg = Release|Any CPU
		{8CBBEBF9-CC48-4D5E-B407-5AE1E24188FC}.TestFix|Any CPU.Build.0 = Release|Any CPU
		{8CBBEBF9-CC48-4D5E-B407-5AE1E24188FC}.TestRelease|Any CPU.ActiveCfg = Release|Any CPU
		{8CBBEBF9-CC48-4D5E-B407-5AE1E24188FC}.TestRelease|Any CPU.Build.0 = Release|Any CPU
	EndGlobalSection
	GlobalSection(SolutionProperties) = preSolution
		HideSolutionNode = FALSE
	EndGlobalSection
	GlobalSection(NestedProjects) = preSolution
		{48738AA7-C01E-4606-B96D-ABB70DBA3995} = {3766A85E-76E5-472B-9139-27B67D43CDD2}
		{C7AAADCF-A28F-4E9B-8F22-2D9B65E37254} = {3766A85E-76E5-472B-9139-27B67D43CDD2}
		{0A18E1D3-F6C9-4A85-91D7-1C637DBD98D7} = {ABD5840E-5115-405D-8B0A-4E5EE5D7A705}
		{8D5E834E-D186-4DC6-BDE5-665AF8DB8A9A} = {C114D8E7-65CD-4074-A55F-A56900FE6DC4}
		{811FA3E9-2C73-41F6-96BD-F92F9554E883} = {C114D8E7-65CD-4074-A55F-A56900FE6DC4}
		{39E5A208-023D-438F-9AD5-4C1DA2CB6F71} = {BEC29413-C4FE-453D-86CC-F5BA4CE8FBD3}
		{6DEFA112-30FE-4787-A124-C58E9A5C237C} = {BEC29413-C4FE-453D-86CC-F5BA4CE8FBD3}
		{BB29705F-9D12-4E71-85CE-5BE1D4AF6291} = {BEC29413-C4FE-453D-86CC-F5BA4CE8FBD3}
		{E54A562C-09E4-4A80-8B54-B88390701C66} = {BEC29413-C4FE-453D-86CC-F5BA4CE8FBD3}
		{1D4513AE-7EAA-40F7-B71E-66990C0BE81B} = {BEC29413-C4FE-453D-86CC-F5BA4CE8FBD3}
		{11CD1BB6-B6E8-405F-AC5D-46781D28B9A4} = {BEC29413-C4FE-453D-86CC-F5BA4CE8FBD3}
		{65859A38-A445-4B9F-B7E1-252F6A1AB450} = {BEC29413-C4FE-453D-86CC-F5BA4CE8FBD3}
		{CFBE7A2A-90F2-46DD-9FB9-86D60463CE1B} = {BEC29413-C4FE-453D-86CC-F5BA4CE8FBD3}
		{7E1F5216-EF6D-46F2-AD0F-785418FD174B} = {BEC29413-C4FE-453D-86CC-F5BA4CE8FBD3}
		{D3CED39F-C026-48F2-AFE3-D31E4639F13D} = {BEC29413-C4FE-453D-86CC-F5BA4CE8FBD3}
		{E4D63420-E77A-4ACD-B461-4F3662F35F09} = {BEC29413-C4FE-453D-86CC-F5BA4CE8FBD3}
		{310DE286-3C89-4304-9950-22C140178F9A} = {BEC29413-C4FE-453D-86CC-F5BA4CE8FBD3}
		{8187B152-FE01-452B-BE91-2C280A391B13} = {BEC29413-C4FE-453D-86CC-F5BA4CE8FBD3}
		{016194F6-7676-4EB3-A7C7-BA68B531D3DD} = {BEC29413-C4FE-453D-86CC-F5BA4CE8FBD3}
		{2C90BBCC-AA32-4D3F-A02E-3F2911466559} = {BEC29413-C4FE-453D-86CC-F5BA4CE8FBD3}
		{892EF8C2-68BF-4B6D-B798-63BE5901426E} = {BEC29413-C4FE-453D-86CC-F5BA4CE8FBD3}
		{21997327-5228-4FF3-BCC1-242FAF3504E3} = {BEC29413-C4FE-453D-86CC-F5BA4CE8FBD3}
		{99A489DE-BAED-42B5-83C5-ED5898ABFBC9} = {BEC29413-C4FE-453D-86CC-F5BA4CE8FBD3}
		{5FD4968F-2A22-4E10-8EB6-AF75998F7734} = {BEC29413-C4FE-453D-86CC-F5BA4CE8FBD3}
		{EEF2F635-2F9E-41CD-9171-7647701C0935} = {BEC29413-C4FE-453D-86CC-F5BA4CE8FBD3}
		{3D49484C-D664-4F75-BD7D-430D60F60ADD} = {BEC29413-C4FE-453D-86CC-F5BA4CE8FBD3}
		{46EF72C6-FF77-4361-A0EA-DB3292D7C950} = {BEC29413-C4FE-453D-86CC-F5BA4CE8FBD3}
		{FF33F875-F33A-4274-A7F6-3A6CE540BF68} = {BEC29413-C4FE-453D-86CC-F5BA4CE8FBD3}
		{D84B47DC-3E34-467D-B4E2-80D655BB87A9} = {BEC29413-C4FE-453D-86CC-F5BA4CE8FBD3}
		{5777A0EA-8BED-4B1C-A7E3-E21266D3399B} = {BEC29413-C4FE-453D-86CC-F5BA4CE8FBD3}
		{76087C66-0C19-4B97-B66F-F45F9A935461} = {BEC29413-C4FE-453D-86CC-F5BA4CE8FBD3}
		{FCEF5117-2BFE-4BE9-8A0D-01EAF70FFEE4} = {BEC29413-C4FE-453D-86CC-F5BA4CE8FBD3}
		{8CBBEBF9-CC48-4D5E-B407-5AE1E24188FC} = {BEC29413-C4FE-453D-86CC-F5BA4CE8FBD3}
	EndGlobalSection
EndGlobal
