
Microsoft Visual Studio Solution File, Format Version 12.00
# Visual Studio 15
VisualStudioVersion = 15.0.28010.2050
MinimumVisualStudioVersion = 10.0.40219.1
Project("{FAE04EC0-301F-11D3-BF4B-00C04F79EFBC}") = "TflService", "TflService.csproj", "{026D8E35-F170-424E-BB01-7F025A199EDE}"
EndProject
Project("{FAE04EC0-301F-11D3-BF4B-00C04F79EFBC}") = "Interfaces", "Interfaces\Interfaces.csproj", "{8CFE6739-D1FE-4890-B617-B19564511E8A}"
EndProject
Project("{2150E333-8FDC-42A3-9474-1A3956D46DE8}") = "Dependencies", "Dependencies", "{87F6FFDD-814F-4DA6-B7C4-45495A833E36}"
	ProjectSection(SolutionItems) = preProject
		Dependencies\RosterLib.dll = Dependencies\RosterLib.dll
		Dependencies\TFLLib.dll = Dependencies\TFLLib.dll
	EndProjectSection
EndProject
Project("{FAE04EC0-301F-11D3-BF4B-00C04F79EFBC}") = "TflService.UnitTests", "TflService.Tests\TflService.UnitTests.csproj", "{83D300BB-131D-496B-837C-6F1B0B1B5F9F}"
EndProject
Project("{FAE04EC0-301F-11D3-BF4B-00C04F79EFBC}") = "TflService.IntegrationTests", "TflService.IntegrationTests\TflService.IntegrationTests.csproj", "{3A00F892-82C2-47EB-BFA6-0D688DABC076}"
EndProject
Global
	GlobalSection(SolutionConfigurationPlatforms) = preSolution
		Debug|Any CPU = Debug|Any CPU
		Release|Any CPU = Release|Any CPU
	EndGlobalSection
	GlobalSection(ProjectConfigurationPlatforms) = postSolution
		{026D8E35-F170-424E-BB01-7F025A199EDE}.Debug|Any CPU.ActiveCfg = Debug|Any CPU
		{026D8E35-F170-424E-BB01-7F025A199EDE}.Debug|Any CPU.Build.0 = Debug|Any CPU
		{026D8E35-F170-424E-BB01-7F025A199EDE}.Release|Any CPU.ActiveCfg = Release|Any CPU
		{026D8E35-F170-424E-BB01-7F025A199EDE}.Release|Any CPU.Build.0 = Release|Any CPU
		{8CFE6739-D1FE-4890-B617-B19564511E8A}.Debug|Any CPU.ActiveCfg = Debug|Any CPU
		{8CFE6739-D1FE-4890-B617-B19564511E8A}.Debug|Any CPU.Build.0 = Debug|Any CPU
		{8CFE6739-D1FE-4890-B617-B19564511E8A}.Release|Any CPU.ActiveCfg = Release|Any CPU
		{8CFE6739-D1FE-4890-B617-B19564511E8A}.Release|Any CPU.Build.0 = Release|Any CPU
		{83D300BB-131D-496B-837C-6F1B0B1B5F9F}.Debug|Any CPU.ActiveCfg = Debug|Any CPU
		{83D300BB-131D-496B-837C-6F1B0B1B5F9F}.Debug|Any CPU.Build.0 = Debug|Any CPU
		{83D300BB-131D-496B-837C-6F1B0B1B5F9F}.Release|Any CPU.ActiveCfg = Release|Any CPU
		{83D300BB-131D-496B-837C-6F1B0B1B5F9F}.Release|Any CPU.Build.0 = Release|Any CPU
		{3A00F892-82C2-47EB-BFA6-0D688DABC076}.Debug|Any CPU.ActiveCfg = Debug|Any CPU
		{3A00F892-82C2-47EB-BFA6-0D688DABC076}.Debug|Any CPU.Build.0 = Debug|Any CPU
		{3A00F892-82C2-47EB-BFA6-0D688DABC076}.Release|Any CPU.ActiveCfg = Release|Any CPU
		{3A00F892-82C2-47EB-BFA6-0D688DABC076}.Release|Any CPU.Build.0 = Release|Any CPU
	EndGlobalSection
	GlobalSection(SolutionProperties) = preSolution
		HideSolutionNode = FALSE
	EndGlobalSection
	GlobalSection(ExtensibilityGlobals) = postSolution
		SolutionGuid = {68D25521-B68A-40FD-909D-9E93DEFCDF88}
	EndGlobalSection
EndGlobal
