
Microsoft Visual Studio Solution File, Format Version 11.00
# Visual Studio 2010
Project("{FAE04EC0-301F-11D3-BF4B-00C04F79EFBC}") = "Infrastructure", "Infrastructure\Infrastructure.csproj", "{48738AA7-C01E-4606-B96D-ABB70DBA3995}"
EndProject
Project("{FAE04EC0-301F-11D3-BF4B-00C04F79EFBC}") = "Infrastructure.Tests", "Infrastructure.Tests\Infrastructure.Tests.csproj", "{C7AAADCF-A28F-4E9B-8F22-2D9B65E37254}"
EndProject
Project("{2150E333-8FDC-42A3-9474-1A3956D46DE8}") = "Solution Items", "Solution Items", "{1264B184-4FDD-4C57-A701-41F4F3662092}"
	ProjectSection(SolutionItems) = preProject
		Infrastructure.vsmdi = Infrastructure.vsmdi
		Local.testsettings = Local.testsettings
		TraceAndTestImpact.testsettings = TraceAndTestImpact.testsettings
	EndProjectSection
EndProject
Global
	GlobalSection(TeamFoundationVersionControl) = preSolution
		SccNumberOfProjects = 3
		SccEnterpriseProvider = {4CA58AB2-18FA-4F8D-95D4-32DDF27D184C}
		SccTeamFoundationServer = http://eptfs016:8080/tfs/esgcollection
		SccLocalPath0 = .
		SccProjectUniqueName1 = Infrastructure\\Infrastructure.csproj
		SccProjectName1 = Infrastructure
		SccLocalPath1 = Infrastructure
		SccProjectUniqueName2 = Infrastructure.Tests\\Infrastructure.Tests.csproj
		SccProjectName2 = Infrastructure.Tests
		SccLocalPath2 = Infrastructure.Tests
	EndGlobalSection
	GlobalSection(TestCaseManagementSettings) = postSolution
		CategoryFile = Infrastructure.vsmdi
	EndGlobalSection
	GlobalSection(SolutionConfigurationPlatforms) = preSolution
		Debug|Any CPU = Debug|Any CPU
		Debug|x86 = Debug|x86
		Release|Any CPU = Release|Any CPU
		Release|x86 = Release|x86
	EndGlobalSection
	GlobalSection(ProjectConfigurationPlatforms) = postSolution
		{48738AA7-C01E-4606-B96D-ABB70DBA3995}.Debug|Any CPU.ActiveCfg = Debug|Any CPU
		{48738AA7-C01E-4606-B96D-ABB70DBA3995}.Debug|Any CPU.Build.0 = Debug|Any CPU
		{48738AA7-C01E-4606-B96D-ABB70DBA3995}.Debug|x86.ActiveCfg = Debug|Any CPU
		{48738AA7-C01E-4606-B96D-ABB70DBA3995}.Release|Any CPU.ActiveCfg = Release|Any CPU
		{48738AA7-C01E-4606-B96D-ABB70DBA3995}.Release|Any CPU.Build.0 = Release|Any CPU
		{48738AA7-C01E-4606-B96D-ABB70DBA3995}.Release|x86.ActiveCfg = Release|Any CPU
		{C7AAADCF-A28F-4E9B-8F22-2D9B65E37254}.Debug|Any CPU.ActiveCfg = Debug|Any CPU
		{C7AAADCF-A28F-4E9B-8F22-2D9B65E37254}.Debug|Any CPU.Build.0 = Debug|Any CPU
		{C7AAADCF-A28F-4E9B-8F22-2D9B65E37254}.Debug|x86.ActiveCfg = Debug|Any CPU
		{C7AAADCF-A28F-4E9B-8F22-2D9B65E37254}.Release|Any CPU.ActiveCfg = Release|Any CPU
		{C7AAADCF-A28F-4E9B-8F22-2D9B65E37254}.Release|Any CPU.Build.0 = Release|Any CPU
		{C7AAADCF-A28F-4E9B-8F22-2D9B65E37254}.Release|x86.ActiveCfg = Release|Any CPU
	EndGlobalSection
	GlobalSection(SolutionProperties) = preSolution
		HideSolutionNode = FALSE
	EndGlobalSection
	GlobalSection(ExtensibilityGlobals) = postSolution
		EnterpriseLibraryConfigurationToolBinariesPath = Dependencies
	EndGlobalSection
EndGlobal
