
Microsoft Visual Studio Solution File, Format Version 12.00
# Visual Studio Version 16
VisualStudioVersion = 16.0.30128.36
MinimumVisualStudioVersion = 10.0.40219.1
Project("{FAE04EC0-301F-11D3-BF4B-00C04F79EFBC}") = "GameLog", "GameLog\GameLog.csproj", "{7B979125-4931-414F-BAB0-B0C5157D3FF8}"
EndProject
Project("{FAE04EC0-301F-11D3-BF4B-00C04F79EFBC}") = "GameLog.Tests", "GameLog.Tests\GameLog.Tests.csproj", "{23D48C44-79F5-4A96-8DFB-02C32AA4838A}"
EndProject
Project("{FAE04EC0-301F-11D3-BF4B-00C04F79EFBC}") = "GameLogService", "GameLogService\GameLogService.csproj", "{C1BBA3B2-629B-4873-B0FF-F48BA1DF85CF}"
EndProject
Project("{FAE04EC0-301F-11D3-BF4B-00C04F79EFBC}") = "RosterService", "RosterService\RosterService.csproj", "{042D9FA5-45C7-4FB7-AE2C-9BD30B1BFDE2}"
EndProject
Project("{FAE04EC0-301F-11D3-BF4B-00C04F79EFBC}") = "RosterService.Tests", "RosterService.Tests\RosterService.Tests.csproj", "{EBE2814C-64FE-42B2-B785-08FA73DB7BEC}"
EndProject
Global
	GlobalSection(SolutionConfigurationPlatforms) = preSolution
		Debug|Any CPU = Debug|Any CPU
		Release|Any CPU = Release|Any CPU
	EndGlobalSection
	GlobalSection(ProjectConfigurationPlatforms) = postSolution
		{7B979125-4931-414F-BAB0-B0C5157D3FF8}.Debug|Any CPU.ActiveCfg = Debug|Any CPU
		{7B979125-4931-414F-BAB0-B0C5157D3FF8}.Debug|Any CPU.Build.0 = Debug|Any CPU
		{7B979125-4931-414F-BAB0-B0C5157D3FF8}.Release|Any CPU.ActiveCfg = Release|Any CPU
		{7B979125-4931-414F-BAB0-B0C5157D3FF8}.Release|Any CPU.Build.0 = Release|Any CPU
		{23D48C44-79F5-4A96-8DFB-02C32AA4838A}.Debug|Any CPU.ActiveCfg = Debug|Any CPU
		{23D48C44-79F5-4A96-8DFB-02C32AA4838A}.Debug|Any CPU.Build.0 = Debug|Any CPU
		{23D48C44-79F5-4A96-8DFB-02C32AA4838A}.Release|Any CPU.ActiveCfg = Release|Any CPU
		{23D48C44-79F5-4A96-8DFB-02C32AA4838A}.Release|Any CPU.Build.0 = Release|Any CPU
		{C1BBA3B2-629B-4873-B0FF-F48BA1DF85CF}.Debug|Any CPU.ActiveCfg = Debug|Any CPU
		{C1BBA3B2-629B-4873-B0FF-F48BA1DF85CF}.Debug|Any CPU.Build.0 = Debug|Any CPU
		{C1BBA3B2-629B-4873-B0FF-F48BA1DF85CF}.Release|Any CPU.ActiveCfg = Release|Any CPU
		{C1BBA3B2-629B-4873-B0FF-F48BA1DF85CF}.Release|Any CPU.Build.0 = Release|Any CPU
		{042D9FA5-45C7-4FB7-AE2C-9BD30B1BFDE2}.Debug|Any CPU.ActiveCfg = Debug|Any CPU
		{042D9FA5-45C7-4FB7-AE2C-9BD30B1BFDE2}.Debug|Any CPU.Build.0 = Debug|Any CPU
		{042D9FA5-45C7-4FB7-AE2C-9BD30B1BFDE2}.Release|Any CPU.ActiveCfg = Release|Any CPU
		{042D9FA5-45C7-4FB7-AE2C-9BD30B1BFDE2}.Release|Any CPU.Build.0 = Release|Any CPU
		{EBE2814C-64FE-42B2-B785-08FA73DB7BEC}.Debug|Any CPU.ActiveCfg = Debug|Any CPU
		{EBE2814C-64FE-42B2-B785-08FA73DB7BEC}.Debug|Any CPU.Build.0 = Debug|Any CPU
		{EBE2814C-64FE-42B2-B785-08FA73DB7BEC}.Release|Any CPU.ActiveCfg = Release|Any CPU
		{EBE2814C-64FE-42B2-B785-08FA73DB7BEC}.Release|Any CPU.Build.0 = Release|Any CPU
	EndGlobalSection
	GlobalSection(SolutionProperties) = preSolution
		HideSolutionNode = FALSE
	EndGlobalSection
	GlobalSection(ExtensibilityGlobals) = postSolution
		SolutionGuid = {F943579E-59D0-47D3-995F-683EDFDA837C}
	EndGlobalSection
EndGlobal
