
Microsoft Visual Studio Solution File, Format Version 12.00
# Visual Studio 14
VisualStudioVersion = 14.0.22609.0
MinimumVisualStudioVersion = 10.0.40219.1
Project("{2150E333-8FDC-42A3-9474-1A3956D46DE8}") = "src", "src", "{0790F6C7-65F1-4364-9BD5-D53DBF9100BA}"
EndProject
Project("{2150E333-8FDC-42A3-9474-1A3956D46DE8}") = "Solution Items", "Solution Items", "{3A529260-2145-4344-A7A2-EEA9FF170E9E}"
	ProjectSection(SolutionItems) = preProject
		global.json = global.json
	EndProjectSection
EndProject
Project("{8BB2217D-0F2D-49D1-97BC-3654ED321F3B}") = "DragNDrop", "src\DragNDrop\DragNDrop.kproj", "{6808EDAC-4283-46D3-9705-6CE93E4AA817}"
EndProject
Global
	GlobalSection(SolutionConfigurationPlatforms) = preSolution
		Debug|Any CPU = Debug|Any CPU
		Release|Any CPU = Release|Any CPU
	EndGlobalSection
	GlobalSection(ProjectConfigurationPlatforms) = postSolution
		{6808EDAC-4283-46D3-9705-6CE93E4AA817}.Debug|Any CPU.ActiveCfg = Debug|Any CPU
		{6808EDAC-4283-46D3-9705-6CE93E4AA817}.Debug|Any CPU.Build.0 = Debug|Any CPU
		{6808EDAC-4283-46D3-9705-6CE93E4AA817}.Release|Any CPU.ActiveCfg = Release|Any CPU
		{6808EDAC-4283-46D3-9705-6CE93E4AA817}.Release|Any CPU.Build.0 = Release|Any CPU
	EndGlobalSection
	GlobalSection(SolutionProperties) = preSolution
		HideSolutionNode = FALSE
	EndGlobalSection
	GlobalSection(NestedProjects) = preSolution
		{6808EDAC-4283-46D3-9705-6CE93E4AA817} = {0790F6C7-65F1-4364-9BD5-D53DBF9100BA}
	EndGlobalSection
EndGlobal
